// !$*UTF8*$!
{
	archiveVersion = 1;
	classes = {
	};
	objectVersion = 46;
	objects = {

/* Begin PBXBuildFile section */
		1D21B3591A88578300A7A2DA /* LICENSE.md in Sources */ = {isa = PBXBuildFile; fileRef = 1D21B34B1A88578300A7A2DA /* LICENSE.md */; };
		1D21B35A1A88578300A7A2DA /* README.md in Sources */ = {isa = PBXBuildFile; fileRef = 1D21B34C1A88578300A7A2DA /* README.md */; };
		1D21B35B1A88578300A7A2DA /* KeepAttribute.m in Sources */ = {isa = PBXBuildFile; fileRef = 1D21B34F1A88578300A7A2DA /* KeepAttribute.m */; };
		1D21B35C1A88578300A7A2DA /* KeepLayoutConstraint.m in Sources */ = {isa = PBXBuildFile; fileRef = 1D21B3521A88578300A7A2DA /* KeepLayoutConstraint.m */; };
		1D21B35D1A88578300A7A2DA /* KeepTypes.m in Sources */ = {isa = PBXBuildFile; fileRef = 1D21B3541A88578300A7A2DA /* KeepTypes.m */; };
		1D21B35E1A88578300A7A2DA /* NSArray+KeepLayout.m in Sources */ = {isa = PBXBuildFile; fileRef = 1D21B3561A88578300A7A2DA /* NSArray+KeepLayout.m */; };
		1D21B35F1A88578300A7A2DA /* UIView+KeepLayout.m in Sources */ = {isa = PBXBuildFile; fileRef = 1D21B3581A88578300A7A2DA /* UIView+KeepLayout.m */; };
		1D21B3641A8857FA00A7A2DA /* NTVVideoPlayerView.m in Sources */ = {isa = PBXBuildFile; fileRef = 1D21B3611A8857FA00A7A2DA /* NTVVideoPlayerView.m */; };
		1D21B3651A8857FA00A7A2DA /* PlayerViewController.m in Sources */ = {isa = PBXBuildFile; fileRef = 1D21B3631A8857FA00A7A2DA /* PlayerViewController.m */; };
		1D21B3681A885A2100A7A2DA /* NTVSize.m in Sources */ = {isa = PBXBuildFile; fileRef = 1D21B3671A885A2100A7A2DA /* NTVSize.m */; };
		1D21B38F1A88BB5100A7A2DA /* AFHTTPRequestOperation.m in Sources */ = {isa = PBXBuildFile; fileRef = 1D21B36B1A88BB5000A7A2DA /* AFHTTPRequestOperation.m */; };
		1D21B3901A88BB5100A7A2DA /* AFHTTPRequestOperationManager.m in Sources */ = {isa = PBXBuildFile; fileRef = 1D21B36D1A88BB5000A7A2DA /* AFHTTPRequestOperationManager.m */; };
		1D21B3911A88BB5100A7A2DA /* AFHTTPSessionManager.m in Sources */ = {isa = PBXBuildFile; fileRef = 1D21B36F1A88BB5000A7A2DA /* AFHTTPSessionManager.m */; };
		1D21B3921A88BB5100A7A2DA /* AFNetworkReachabilityManager.m in Sources */ = {isa = PBXBuildFile; fileRef = 1D21B3721A88BB5000A7A2DA /* AFNetworkReachabilityManager.m */; };
		1D21B3931A88BB5100A7A2DA /* AFSecurityPolicy.m in Sources */ = {isa = PBXBuildFile; fileRef = 1D21B3741A88BB5000A7A2DA /* AFSecurityPolicy.m */; };
		1D21B3941A88BB5100A7A2DA /* AFURLConnectionOperation.m in Sources */ = {isa = PBXBuildFile; fileRef = 1D21B3761A88BB5000A7A2DA /* AFURLConnectionOperation.m */; };
		1D21B3951A88BB5100A7A2DA /* AFURLRequestSerialization.m in Sources */ = {isa = PBXBuildFile; fileRef = 1D21B3781A88BB5000A7A2DA /* AFURLRequestSerialization.m */; };
		1D21B3961A88BB5100A7A2DA /* AFURLResponseSerialization.m in Sources */ = {isa = PBXBuildFile; fileRef = 1D21B37A1A88BB5000A7A2DA /* AFURLResponseSerialization.m */; };
		1D21B3971A88BB5100A7A2DA /* AFURLSessionManager.m in Sources */ = {isa = PBXBuildFile; fileRef = 1D21B37C1A88BB5000A7A2DA /* AFURLSessionManager.m */; };
		1D21B3981A88BB5100A7A2DA /* AFNetworkActivityIndicatorManager.m in Sources */ = {isa = PBXBuildFile; fileRef = 1D21B37F1A88BB5000A7A2DA /* AFNetworkActivityIndicatorManager.m */; };
		1D21B3991A88BB5100A7A2DA /* UIActivityIndicatorView+AFNetworking.m in Sources */ = {isa = PBXBuildFile; fileRef = 1D21B3811A88BB5100A7A2DA /* UIActivityIndicatorView+AFNetworking.m */; };
		1D21B39A1A88BB5100A7A2DA /* UIAlertView+AFNetworking.m in Sources */ = {isa = PBXBuildFile; fileRef = 1D21B3831A88BB5100A7A2DA /* UIAlertView+AFNetworking.m */; };
		1D21B39B1A88BB5100A7A2DA /* UIButton+AFNetworking.m in Sources */ = {isa = PBXBuildFile; fileRef = 1D21B3851A88BB5100A7A2DA /* UIButton+AFNetworking.m */; };
		1D21B39C1A88BB5100A7A2DA /* UIImageView+AFNetworking.m in Sources */ = {isa = PBXBuildFile; fileRef = 1D21B3871A88BB5100A7A2DA /* UIImageView+AFNetworking.m */; };
		1D21B39D1A88BB5100A7A2DA /* UIProgressView+AFNetworking.m in Sources */ = {isa = PBXBuildFile; fileRef = 1D21B38A1A88BB5100A7A2DA /* UIProgressView+AFNetworking.m */; };
		1D21B39E1A88BB5100A7A2DA /* UIRefreshControl+AFNetworking.m in Sources */ = {isa = PBXBuildFile; fileRef = 1D21B38C1A88BB5100A7A2DA /* UIRefreshControl+AFNetworking.m */; };
		1D21B39F1A88BB5100A7A2DA /* UIWebView+AFNetworking.m in Sources */ = {isa = PBXBuildFile; fileRef = 1D21B38E1A88BB5100A7A2DA /* UIWebView+AFNetworking.m */; };
		1D26A1541A8C950800A960BF /* 1.jpg in Resources */ = {isa = PBXBuildFile; fileRef = 1D26A1231A8C950800A960BF /* 1.jpg */; };
		1D26A1551A8C950800A960BF /* 10.jpg in Resources */ = {isa = PBXBuildFile; fileRef = 1D26A1241A8C950800A960BF /* 10.jpg */; };
		1D26A1561A8C950800A960BF /* 11.jpg in Resources */ = {isa = PBXBuildFile; fileRef = 1D26A1251A8C950800A960BF /* 11.jpg */; };
		1D26A1571A8C950800A960BF /* 12.jpg in Resources */ = {isa = PBXBuildFile; fileRef = 1D26A1261A8C950800A960BF /* 12.jpg */; };
		1D26A1581A8C950800A960BF /* 13.jpg in Resources */ = {isa = PBXBuildFile; fileRef = 1D26A1271A8C950800A960BF /* 13.jpg */; };
		1D26A1591A8C950800A960BF /* 14.jpg in Resources */ = {isa = PBXBuildFile; fileRef = 1D26A1281A8C950800A960BF /* 14.jpg */; };
		1D26A15A1A8C950800A960BF /* 15.jpg in Resources */ = {isa = PBXBuildFile; fileRef = 1D26A1291A8C950800A960BF /* 15.jpg */; };
		1D26A15B1A8C950800A960BF /* 16.jpg in Resources */ = {isa = PBXBuildFile; fileRef = 1D26A12A1A8C950800A960BF /* 16.jpg */; };
		1D26A15C1A8C950800A960BF /* 17.jpg in Resources */ = {isa = PBXBuildFile; fileRef = 1D26A12B1A8C950800A960BF /* 17.jpg */; };
		1D26A15D1A8C950800A960BF /* 18.jpg in Resources */ = {isa = PBXBuildFile; fileRef = 1D26A12C1A8C950800A960BF /* 18.jpg */; };
		1D26A15E1A8C950800A960BF /* 19.jpg in Resources */ = {isa = PBXBuildFile; fileRef = 1D26A12D1A8C950800A960BF /* 19.jpg */; };
		1D26A15F1A8C950800A960BF /* 2.jpg in Resources */ = {isa = PBXBuildFile; fileRef = 1D26A12E1A8C950800A960BF /* 2.jpg */; };
		1D26A1601A8C950800A960BF /* 20.jpg in Resources */ = {isa = PBXBuildFile; fileRef = 1D26A12F1A8C950800A960BF /* 20.jpg */; };
		1D26A1611A8C950800A960BF /* 21.jpg in Resources */ = {isa = PBXBuildFile; fileRef = 1D26A1301A8C950800A960BF /* 21.jpg */; };
		1D26A1621A8C950800A960BF /* 22.jpg in Resources */ = {isa = PBXBuildFile; fileRef = 1D26A1311A8C950800A960BF /* 22.jpg */; };
		1D26A1631A8C950800A960BF /* 23.jpg in Resources */ = {isa = PBXBuildFile; fileRef = 1D26A1321A8C950800A960BF /* 23.jpg */; };
		1D26A1641A8C950800A960BF /* 24.jpg in Resources */ = {isa = PBXBuildFile; fileRef = 1D26A1331A8C950800A960BF /* 24.jpg */; };
		1D26A1651A8C950800A960BF /* 25.jpg in Resources */ = {isa = PBXBuildFile; fileRef = 1D26A1341A8C950800A960BF /* 25.jpg */; };
		1D26A1661A8C950800A960BF /* 26.jpg in Resources */ = {isa = PBXBuildFile; fileRef = 1D26A1351A8C950800A960BF /* 26.jpg */; };
		1D26A1671A8C950800A960BF /* 27.jpg in Resources */ = {isa = PBXBuildFile; fileRef = 1D26A1361A8C950800A960BF /* 27.jpg */; };
		1D26A1681A8C950800A960BF /* 28.jpg in Resources */ = {isa = PBXBuildFile; fileRef = 1D26A1371A8C950800A960BF /* 28.jpg */; };
		1D26A1691A8C950800A960BF /* 29.jpg in Resources */ = {isa = PBXBuildFile; fileRef = 1D26A1381A8C950800A960BF /* 29.jpg */; };
		1D26A16A1A8C950800A960BF /* 3.jpg in Resources */ = {isa = PBXBuildFile; fileRef = 1D26A1391A8C950800A960BF /* 3.jpg */; };
		1D26A16B1A8C950800A960BF /* 30.jpg in Resources */ = {isa = PBXBuildFile; fileRef = 1D26A13A1A8C950800A960BF /* 30.jpg */; };
		1D26A16C1A8C950800A960BF /* 31.jpg in Resources */ = {isa = PBXBuildFile; fileRef = 1D26A13B1A8C950800A960BF /* 31.jpg */; };
		1D26A16D1A8C950800A960BF /* 32.jpg in Resources */ = {isa = PBXBuildFile; fileRef = 1D26A13C1A8C950800A960BF /* 32.jpg */; };
		1D26A16E1A8C950800A960BF /* 33.jpg in Resources */ = {isa = PBXBuildFile; fileRef = 1D26A13D1A8C950800A960BF /* 33.jpg */; };
		1D26A16F1A8C950800A960BF /* 4.jpg in Resources */ = {isa = PBXBuildFile; fileRef = 1D26A13E1A8C950800A960BF /* 4.jpg */; };
		1D26A1701A8C950800A960BF /* 5.jpg in Resources */ = {isa = PBXBuildFile; fileRef = 1D26A13F1A8C950800A960BF /* 5.jpg */; };
		1D26A1711A8C950800A960BF /* 6.jpg in Resources */ = {isa = PBXBuildFile; fileRef = 1D26A1401A8C950800A960BF /* 6.jpg */; };
		1D26A1721A8C950800A960BF /* 7.jpg in Resources */ = {isa = PBXBuildFile; fileRef = 1D26A1411A8C950800A960BF /* 7.jpg */; };
		1D26A1731A8C950800A960BF /* 8.jpg in Resources */ = {isa = PBXBuildFile; fileRef = 1D26A1421A8C950800A960BF /* 8.jpg */; };
		1D26A1741A8C950800A960BF /* 9.jpg in Resources */ = {isa = PBXBuildFile; fileRef = 1D26A1431A8C950800A960BF /* 9.jpg */; };
		1D26A1751A8C950800A960BF /* bear.png in Resources */ = {isa = PBXBuildFile; fileRef = 1D26A1441A8C950800A960BF /* bear.png */; };
		1D26A1761A8C950800A960BF /* channel1.png in Resources */ = {isa = PBXBuildFile; fileRef = 1D26A1451A8C950800A960BF /* channel1.png */; };
		1D26A1771A8C950800A960BF /* channel2.png in Resources */ = {isa = PBXBuildFile; fileRef = 1D26A1461A8C950800A960BF /* channel2.png */; };
		1D26A1781A8C950800A960BF /* channel3.png in Resources */ = {isa = PBXBuildFile; fileRef = 1D26A1471A8C950800A960BF /* channel3.png */; };
		1D26A1791A8C950800A960BF /* channel4.png in Resources */ = {isa = PBXBuildFile; fileRef = 1D26A1481A8C950800A960BF /* channel4.png */; };
		1D26A17A1A8C950800A960BF /* channel5.png in Resources */ = {isa = PBXBuildFile; fileRef = 1D26A1491A8C950800A960BF /* channel5.png */; };
		1D26A17B1A8C950800A960BF /* channel6.png in Resources */ = {isa = PBXBuildFile; fileRef = 1D26A14A1A8C950800A960BF /* channel6.png */; };
		1D26A17C1A8C950800A960BF /* channel7.png in Resources */ = {isa = PBXBuildFile; fileRef = 1D26A14B1A8C950800A960BF /* channel7.png */; };
		1D26A17D1A8C950800A960BF /* channel8.png in Resources */ = {isa = PBXBuildFile; fileRef = 1D26A14C1A8C950800A960BF /* channel8.png */; };
		1D26A17E1A8C950800A960BF /* channel9.png in Resources */ = {isa = PBXBuildFile; fileRef = 1D26A14D1A8C950800A960BF /* channel9.png */; };
		1D26A17F1A8C950800A960BF /* LIVE.png in Resources */ = {isa = PBXBuildFile; fileRef = 1D26A14E1A8C950800A960BF /* LIVE.png */; };
		1D26A1801A8C950800A960BF /* networktv_logo.png in Resources */ = {isa = PBXBuildFile; fileRef = 1D26A14F1A8C950800A960BF /* networktv_logo.png */; };
		1D26A1811A8C950800A960BF /* product.jpg in Resources */ = {isa = PBXBuildFile; fileRef = 1D26A1501A8C950800A960BF /* product.jpg */; };
		1D26A1821A8C950800A960BF /* redbutton.png in Resources */ = {isa = PBXBuildFile; fileRef = 1D26A1511A8C950800A960BF /* redbutton.png */; };
		1D26A1831A8C950800A960BF /* redmark.png in Resources */ = {isa = PBXBuildFile; fileRef = 1D26A1521A8C950800A960BF /* redmark.png */; };
		1D26A1841A8C950800A960BF /* sunrising.jpg in Resources */ = {isa = PBXBuildFile; fileRef = 1D26A1531A8C950800A960BF /* sunrising.jpg */; };
		1D30F0471A442C5B00DAEE3D /* NetworkTableViewCell.m in Sources */ = {isa = PBXBuildFile; fileRef = 1D30F0461A442C5B00DAEE3D /* NetworkTableViewCell.m */; };
		1D30F0501A46951B00DAEE3D /* SettingsTableViewController.m in Sources */ = {isa = PBXBuildFile; fileRef = 1D30F04F1A46951B00DAEE3D /* SettingsTableViewController.m */; };
		1D7CFD7F1A5805E80027150E /* UIKit.framework in Frameworks */ = {isa = PBXBuildFile; fileRef = 1D7CFD7E1A5805E80027150E /* UIKit.framework */; };
		1D7CFD811A5806A70027150E /* CoreGraphics.framework in Frameworks */ = {isa = PBXBuildFile; fileRef = 1D7CFD801A5806A70027150E /* CoreGraphics.framework */; };
		1D7CFD841A5807700027150E /* NTVColor.m in Sources */ = {isa = PBXBuildFile; fileRef = 1D7CFD831A5807700027150E /* NTVColor.m */; };
		1D8E45731A5933B40048945C /* CoreData.framework in Frameworks */ = {isa = PBXBuildFile; fileRef = 1D8E45721A5933B40048945C /* CoreData.framework */; };
		1DF2A1211A89D42E009A8592 /* avplayer.bundle in Resources */ = {isa = PBXBuildFile; fileRef = 1DF2A1201A89D42E009A8592 /* avplayer.bundle */; };
		1DF2A1241A89E93C009A8592 /* MyAVPlayerViewController.m in Sources */ = {isa = PBXBuildFile; fileRef = 1DF2A1231A89E93C009A8592 /* MyAVPlayerViewController.m */; };
		852F58CF1A17B5C700BD5939 /* CoreMedia.framework in Frameworks */ = {isa = PBXBuildFile; fileRef = 852F58CE1A17B5C700BD5939 /* CoreMedia.framework */; };
		85634AC91A05D5130090D457 /* main.m in Sources */ = {isa = PBXBuildFile; fileRef = 85634AC81A05D5130090D457 /* main.m */; };
		85634ACC1A05D5130090D457 /* AppDelegate.m in Sources */ = {isa = PBXBuildFile; fileRef = 85634ACB1A05D5130090D457 /* AppDelegate.m */; };
		85634ACF1A05D5130090D457 /* HomeViewController.m in Sources */ = {isa = PBXBuildFile; fileRef = 85634ACE1A05D5130090D457 /* HomeViewController.m */; };
		85634AD51A05D5130090D457 /* Main.storyboard in Resources */ = {isa = PBXBuildFile; fileRef = 85634AD31A05D5130090D457 /* Main.storyboard */; };
		85634AD71A05D5130090D457 /* Images.xcassets in Resources */ = {isa = PBXBuildFile; fileRef = 85634AD61A05D5130090D457 /* Images.xcassets */; };
		85634ADA1A05D5130090D457 /* LaunchScreen.xib in Resources */ = {isa = PBXBuildFile; fileRef = 85634AD81A05D5130090D457 /* LaunchScreen.xib */; };
		85634AE61A05D5140090D457 /* HKNTVTests.m in Sources */ = {isa = PBXBuildFile; fileRef = 85634AE51A05D5140090D457 /* HKNTVTests.m */; };
		85634AF11A05D7840090D457 /* HomeCollectionViewCell.m in Sources */ = {isa = PBXBuildFile; fileRef = 85634AF01A05D7840090D457 /* HomeCollectionViewCell.m */; };
/* End PBXBuildFile section */

/* Begin PBXContainerItemProxy section */
		85634AE01A05D5140090D457 /* PBXContainerItemProxy */ = {
			isa = PBXContainerItemProxy;
			containerPortal = 85634ABB1A05D5130090D457 /* Project object */;
			proxyType = 1;
			remoteGlobalIDString = 85634AC21A05D5130090D457;
			remoteInfo = HKNTV;
		};
/* End PBXContainerItemProxy section */

/* Begin PBXFileReference section */
		1D21B34B1A88578300A7A2DA /* LICENSE.md */ = {isa = PBXFileReference; fileEncoding = 4; lastKnownFileType = net.daringfireball.markdown; path = LICENSE.md; sourceTree = "<group>"; };
		1D21B34C1A88578300A7A2DA /* README.md */ = {isa = PBXFileReference; fileEncoding = 4; lastKnownFileType = net.daringfireball.markdown; path = README.md; sourceTree = "<group>"; };
		1D21B34E1A88578300A7A2DA /* KeepAttribute.h */ = {isa = PBXFileReference; fileEncoding = 4; lastKnownFileType = sourcecode.c.h; path = KeepAttribute.h; sourceTree = "<group>"; };
		1D21B34F1A88578300A7A2DA /* KeepAttribute.m */ = {isa = PBXFileReference; fileEncoding = 4; lastKnownFileType = sourcecode.c.objc; path = KeepAttribute.m; sourceTree = "<group>"; };
		1D21B3501A88578300A7A2DA /* KeepLayout.h */ = {isa = PBXFileReference; fileEncoding = 4; lastKnownFileType = sourcecode.c.h; path = KeepLayout.h; sourceTree = "<group>"; };
		1D21B3511A88578300A7A2DA /* KeepLayoutConstraint.h */ = {isa = PBXFileReference; fileEncoding = 4; lastKnownFileType = sourcecode.c.h; path = KeepLayoutConstraint.h; sourceTree = "<group>"; };
		1D21B3521A88578300A7A2DA /* KeepLayoutConstraint.m */ = {isa = PBXFileReference; fileEncoding = 4; lastKnownFileType = sourcecode.c.objc; path = KeepLayoutConstraint.m; sourceTree = "<group>"; };
		1D21B3531A88578300A7A2DA /* KeepTypes.h */ = {isa = PBXFileReference; fileEncoding = 4; lastKnownFileType = sourcecode.c.h; path = KeepTypes.h; sourceTree = "<group>"; };
		1D21B3541A88578300A7A2DA /* KeepTypes.m */ = {isa = PBXFileReference; fileEncoding = 4; lastKnownFileType = sourcecode.c.objc; path = KeepTypes.m; sourceTree = "<group>"; };
		1D21B3551A88578300A7A2DA /* NSArray+KeepLayout.h */ = {isa = PBXFileReference; fileEncoding = 4; lastKnownFileType = sourcecode.c.h; path = "NSArray+KeepLayout.h"; sourceTree = "<group>"; };
		1D21B3561A88578300A7A2DA /* NSArray+KeepLayout.m */ = {isa = PBXFileReference; fileEncoding = 4; lastKnownFileType = sourcecode.c.objc; path = "NSArray+KeepLayout.m"; sourceTree = "<group>"; };
		1D21B3571A88578300A7A2DA /* UIView+KeepLayout.h */ = {isa = PBXFileReference; fileEncoding = 4; lastKnownFileType = sourcecode.c.h; path = "UIView+KeepLayout.h"; sourceTree = "<group>"; };
		1D21B3581A88578300A7A2DA /* UIView+KeepLayout.m */ = {isa = PBXFileReference; fileEncoding = 4; lastKnownFileType = sourcecode.c.objc; path = "UIView+KeepLayout.m"; sourceTree = "<group>"; };
		1D21B3601A8857FA00A7A2DA /* NTVVideoPlayerView.h */ = {isa = PBXFileReference; fileEncoding = 4; lastKnownFileType = sourcecode.c.h; path = NTVVideoPlayerView.h; sourceTree = "<group>"; };
		1D21B3611A8857FA00A7A2DA /* NTVVideoPlayerView.m */ = {isa = PBXFileReference; fileEncoding = 4; lastKnownFileType = sourcecode.c.objc; path = NTVVideoPlayerView.m; sourceTree = "<group>"; };
		1D21B3621A8857FA00A7A2DA /* PlayerViewController.h */ = {isa = PBXFileReference; fileEncoding = 4; lastKnownFileType = sourcecode.c.h; path = PlayerViewController.h; sourceTree = "<group>"; };
		1D21B3631A8857FA00A7A2DA /* PlayerViewController.m */ = {isa = PBXFileReference; fileEncoding = 4; lastKnownFileType = sourcecode.c.objc; path = PlayerViewController.m; sourceTree = "<group>"; };
		1D21B3661A885A2100A7A2DA /* NTVSize.h */ = {isa = PBXFileReference; fileEncoding = 4; lastKnownFileType = sourcecode.c.h; path = NTVSize.h; sourceTree = "<group>"; };
		1D21B3671A885A2100A7A2DA /* NTVSize.m */ = {isa = PBXFileReference; fileEncoding = 4; lastKnownFileType = sourcecode.c.objc; path = NTVSize.m; sourceTree = "<group>"; };
		1D21B36A1A88BB5000A7A2DA /* AFHTTPRequestOperation.h */ = {isa = PBXFileReference; fileEncoding = 4; lastKnownFileType = sourcecode.c.h; path = AFHTTPRequestOperation.h; sourceTree = "<group>"; };
		1D21B36B1A88BB5000A7A2DA /* AFHTTPRequestOperation.m */ = {isa = PBXFileReference; fileEncoding = 4; lastKnownFileType = sourcecode.c.objc; path = AFHTTPRequestOperation.m; sourceTree = "<group>"; };
		1D21B36C1A88BB5000A7A2DA /* AFHTTPRequestOperationManager.h */ = {isa = PBXFileReference; fileEncoding = 4; lastKnownFileType = sourcecode.c.h; path = AFHTTPRequestOperationManager.h; sourceTree = "<group>"; };
		1D21B36D1A88BB5000A7A2DA /* AFHTTPRequestOperationManager.m */ = {isa = PBXFileReference; fileEncoding = 4; lastKnownFileType = sourcecode.c.objc; path = AFHTTPRequestOperationManager.m; sourceTree = "<group>"; };
		1D21B36E1A88BB5000A7A2DA /* AFHTTPSessionManager.h */ = {isa = PBXFileReference; fileEncoding = 4; lastKnownFileType = sourcecode.c.h; path = AFHTTPSessionManager.h; sourceTree = "<group>"; };
		1D21B36F1A88BB5000A7A2DA /* AFHTTPSessionManager.m */ = {isa = PBXFileReference; fileEncoding = 4; lastKnownFileType = sourcecode.c.objc; path = AFHTTPSessionManager.m; sourceTree = "<group>"; };
		1D21B3701A88BB5000A7A2DA /* AFNetworking.h */ = {isa = PBXFileReference; fileEncoding = 4; lastKnownFileType = sourcecode.c.h; path = AFNetworking.h; sourceTree = "<group>"; };
		1D21B3711A88BB5000A7A2DA /* AFNetworkReachabilityManager.h */ = {isa = PBXFileReference; fileEncoding = 4; lastKnownFileType = sourcecode.c.h; path = AFNetworkReachabilityManager.h; sourceTree = "<group>"; };
		1D21B3721A88BB5000A7A2DA /* AFNetworkReachabilityManager.m */ = {isa = PBXFileReference; fileEncoding = 4; lastKnownFileType = sourcecode.c.objc; path = AFNetworkReachabilityManager.m; sourceTree = "<group>"; };
		1D21B3731A88BB5000A7A2DA /* AFSecurityPolicy.h */ = {isa = PBXFileReference; fileEncoding = 4; lastKnownFileType = sourcecode.c.h; path = AFSecurityPolicy.h; sourceTree = "<group>"; };
		1D21B3741A88BB5000A7A2DA /* AFSecurityPolicy.m */ = {isa = PBXFileReference; fileEncoding = 4; lastKnownFileType = sourcecode.c.objc; path = AFSecurityPolicy.m; sourceTree = "<group>"; };
		1D21B3751A88BB5000A7A2DA /* AFURLConnectionOperation.h */ = {isa = PBXFileReference; fileEncoding = 4; lastKnownFileType = sourcecode.c.h; path = AFURLConnectionOperation.h; sourceTree = "<group>"; };
		1D21B3761A88BB5000A7A2DA /* AFURLConnectionOperation.m */ = {isa = PBXFileReference; fileEncoding = 4; lastKnownFileType = sourcecode.c.objc; path = AFURLConnectionOperation.m; sourceTree = "<group>"; };
		1D21B3771A88BB5000A7A2DA /* AFURLRequestSerialization.h */ = {isa = PBXFileReference; fileEncoding = 4; lastKnownFileType = sourcecode.c.h; path = AFURLRequestSerialization.h; sourceTree = "<group>"; };
		1D21B3781A88BB5000A7A2DA /* AFURLRequestSerialization.m */ = {isa = PBXFileReference; fileEncoding = 4; lastKnownFileType = sourcecode.c.objc; path = AFURLRequestSerialization.m; sourceTree = "<group>"; };
		1D21B3791A88BB5000A7A2DA /* AFURLResponseSerialization.h */ = {isa = PBXFileReference; fileEncoding = 4; lastKnownFileType = sourcecode.c.h; path = AFURLResponseSerialization.h; sourceTree = "<group>"; };
		1D21B37A1A88BB5000A7A2DA /* AFURLResponseSerialization.m */ = {isa = PBXFileReference; fileEncoding = 4; lastKnownFileType = sourcecode.c.objc; path = AFURLResponseSerialization.m; sourceTree = "<group>"; };
		1D21B37B1A88BB5000A7A2DA /* AFURLSessionManager.h */ = {isa = PBXFileReference; fileEncoding = 4; lastKnownFileType = sourcecode.c.h; path = AFURLSessionManager.h; sourceTree = "<group>"; };
		1D21B37C1A88BB5000A7A2DA /* AFURLSessionManager.m */ = {isa = PBXFileReference; fileEncoding = 4; lastKnownFileType = sourcecode.c.objc; path = AFURLSessionManager.m; sourceTree = "<group>"; };
		1D21B37E1A88BB5000A7A2DA /* AFNetworkActivityIndicatorManager.h */ = {isa = PBXFileReference; fileEncoding = 4; lastKnownFileType = sourcecode.c.h; path = AFNetworkActivityIndicatorManager.h; sourceTree = "<group>"; };
		1D21B37F1A88BB5000A7A2DA /* AFNetworkActivityIndicatorManager.m */ = {isa = PBXFileReference; fileEncoding = 4; lastKnownFileType = sourcecode.c.objc; path = AFNetworkActivityIndicatorManager.m; sourceTree = "<group>"; };
		1D21B3801A88BB5100A7A2DA /* UIActivityIndicatorView+AFNetworking.h */ = {isa = PBXFileReference; fileEncoding = 4; lastKnownFileType = sourcecode.c.h; path = "UIActivityIndicatorView+AFNetworking.h"; sourceTree = "<group>"; };
		1D21B3811A88BB5100A7A2DA /* UIActivityIndicatorView+AFNetworking.m */ = {isa = PBXFileReference; fileEncoding = 4; lastKnownFileType = sourcecode.c.objc; path = "UIActivityIndicatorView+AFNetworking.m"; sourceTree = "<group>"; };
		1D21B3821A88BB5100A7A2DA /* UIAlertView+AFNetworking.h */ = {isa = PBXFileReference; fileEncoding = 4; lastKnownFileType = sourcecode.c.h; path = "UIAlertView+AFNetworking.h"; sourceTree = "<group>"; };
		1D21B3831A88BB5100A7A2DA /* UIAlertView+AFNetworking.m */ = {isa = PBXFileReference; fileEncoding = 4; lastKnownFileType = sourcecode.c.objc; path = "UIAlertView+AFNetworking.m"; sourceTree = "<group>"; };
		1D21B3841A88BB5100A7A2DA /* UIButton+AFNetworking.h */ = {isa = PBXFileReference; fileEncoding = 4; lastKnownFileType = sourcecode.c.h; path = "UIButton+AFNetworking.h"; sourceTree = "<group>"; };
		1D21B3851A88BB5100A7A2DA /* UIButton+AFNetworking.m */ = {isa = PBXFileReference; fileEncoding = 4; lastKnownFileType = sourcecode.c.objc; path = "UIButton+AFNetworking.m"; sourceTree = "<group>"; };
		1D21B3861A88BB5100A7A2DA /* UIImageView+AFNetworking.h */ = {isa = PBXFileReference; fileEncoding = 4; lastKnownFileType = sourcecode.c.h; path = "UIImageView+AFNetworking.h"; sourceTree = "<group>"; };
		1D21B3871A88BB5100A7A2DA /* UIImageView+AFNetworking.m */ = {isa = PBXFileReference; fileEncoding = 4; lastKnownFileType = sourcecode.c.objc; path = "UIImageView+AFNetworking.m"; sourceTree = "<group>"; };
		1D21B3881A88BB5100A7A2DA /* UIKit+AFNetworking.h */ = {isa = PBXFileReference; fileEncoding = 4; lastKnownFileType = sourcecode.c.h; path = "UIKit+AFNetworking.h"; sourceTree = "<group>"; };
		1D21B3891A88BB5100A7A2DA /* UIProgressView+AFNetworking.h */ = {isa = PBXFileReference; fileEncoding = 4; lastKnownFileType = sourcecode.c.h; path = "UIProgressView+AFNetworking.h"; sourceTree = "<group>"; };
		1D21B38A1A88BB5100A7A2DA /* UIProgressView+AFNetworking.m */ = {isa = PBXFileReference; fileEncoding = 4; lastKnownFileType = sourcecode.c.objc; path = "UIProgressView+AFNetworking.m"; sourceTree = "<group>"; };
		1D21B38B1A88BB5100A7A2DA /* UIRefreshControl+AFNetworking.h */ = {isa = PBXFileReference; fileEncoding = 4; lastKnownFileType = sourcecode.c.h; path = "UIRefreshControl+AFNetworking.h"; sourceTree = "<group>"; };
		1D21B38C1A88BB5100A7A2DA /* UIRefreshControl+AFNetworking.m */ = {isa = PBXFileReference; fileEncoding = 4; lastKnownFileType = sourcecode.c.objc; path = "UIRefreshControl+AFNetworking.m"; sourceTree = "<group>"; };
		1D21B38D1A88BB5100A7A2DA /* UIWebView+AFNetworking.h */ = {isa = PBXFileReference; fileEncoding = 4; lastKnownFileType = sourcecode.c.h; path = "UIWebView+AFNetworking.h"; sourceTree = "<group>"; };
		1D21B38E1A88BB5100A7A2DA /* UIWebView+AFNetworking.m */ = {isa = PBXFileReference; fileEncoding = 4; lastKnownFileType = sourcecode.c.objc; path = "UIWebView+AFNetworking.m"; sourceTree = "<group>"; };
		1D26A1231A8C950800A960BF /* 1.jpg */ = {isa = PBXFileReference; lastKnownFileType = image.jpeg; path = 1.jpg; sourceTree = "<group>"; };
		1D26A1241A8C950800A960BF /* 10.jpg */ = {isa = PBXFileReference; lastKnownFileType = image.jpeg; path = 10.jpg; sourceTree = "<group>"; };
		1D26A1251A8C950800A960BF /* 11.jpg */ = {isa = PBXFileReference; lastKnownFileType = image.jpeg; path = 11.jpg; sourceTree = "<group>"; };
		1D26A1261A8C950800A960BF /* 12.jpg */ = {isa = PBXFileReference; lastKnownFileType = image.jpeg; path = 12.jpg; sourceTree = "<group>"; };
		1D26A1271A8C950800A960BF /* 13.jpg */ = {isa = PBXFileReference; lastKnownFileType = image.jpeg; path = 13.jpg; sourceTree = "<group>"; };
		1D26A1281A8C950800A960BF /* 14.jpg */ = {isa = PBXFileReference; lastKnownFileType = image.jpeg; path = 14.jpg; sourceTree = "<group>"; };
		1D26A1291A8C950800A960BF /* 15.jpg */ = {isa = PBXFileReference; lastKnownFileType = image.jpeg; path = 15.jpg; sourceTree = "<group>"; };
		1D26A12A1A8C950800A960BF /* 16.jpg */ = {isa = PBXFileReference; lastKnownFileType = image.jpeg; path = 16.jpg; sourceTree = "<group>"; };
		1D26A12B1A8C950800A960BF /* 17.jpg */ = {isa = PBXFileReference; lastKnownFileType = image.jpeg; path = 17.jpg; sourceTree = "<group>"; };
		1D26A12C1A8C950800A960BF /* 18.jpg */ = {isa = PBXFileReference; lastKnownFileType = image.jpeg; path = 18.jpg; sourceTree = "<group>"; };
		1D26A12D1A8C950800A960BF /* 19.jpg */ = {isa = PBXFileReference; lastKnownFileType = image.jpeg; path = 19.jpg; sourceTree = "<group>"; };
		1D26A12E1A8C950800A960BF /* 2.jpg */ = {isa = PBXFileReference; lastKnownFileType = image.jpeg; path = 2.jpg; sourceTree = "<group>"; };
		1D26A12F1A8C950800A960BF /* 20.jpg */ = {isa = PBXFileReference; lastKnownFileType = image.jpeg; path = 20.jpg; sourceTree = "<group>"; };
		1D26A1301A8C950800A960BF /* 21.jpg */ = {isa = PBXFileReference; lastKnownFileType = image.jpeg; path = 21.jpg; sourceTree = "<group>"; };
		1D26A1311A8C950800A960BF /* 22.jpg */ = {isa = PBXFileReference; lastKnownFileType = image.jpeg; path = 22.jpg; sourceTree = "<group>"; };
		1D26A1321A8C950800A960BF /* 23.jpg */ = {isa = PBXFileReference; lastKnownFileType = image.jpeg; path = 23.jpg; sourceTree = "<group>"; };
		1D26A1331A8C950800A960BF /* 24.jpg */ = {isa = PBXFileReference; lastKnownFileType = image.jpeg; path = 24.jpg; sourceTree = "<group>"; };
		1D26A1341A8C950800A960BF /* 25.jpg */ = {isa = PBXFileReference; lastKnownFileType = image.jpeg; path = 25.jpg; sourceTree = "<group>"; };
		1D26A1351A8C950800A960BF /* 26.jpg */ = {isa = PBXFileReference; lastKnownFileType = image.jpeg; path = 26.jpg; sourceTree = "<group>"; };
		1D26A1361A8C950800A960BF /* 27.jpg */ = {isa = PBXFileReference; lastKnownFileType = image.jpeg; path = 27.jpg; sourceTree = "<group>"; };
		1D26A1371A8C950800A960BF /* 28.jpg */ = {isa = PBXFileReference; lastKnownFileType = image.jpeg; path = 28.jpg; sourceTree = "<group>"; };
		1D26A1381A8C950800A960BF /* 29.jpg */ = {isa = PBXFileReference; lastKnownFileType = image.jpeg; path = 29.jpg; sourceTree = "<group>"; };
		1D26A1391A8C950800A960BF /* 3.jpg */ = {isa = PBXFileReference; lastKnownFileType = image.jpeg; path = 3.jpg; sourceTree = "<group>"; };
		1D26A13A1A8C950800A960BF /* 30.jpg */ = {isa = PBXFileReference; lastKnownFileType = image.jpeg; path = 30.jpg; sourceTree = "<group>"; };
		1D26A13B1A8C950800A960BF /* 31.jpg */ = {isa = PBXFileReference; lastKnownFileType = image.jpeg; path = 31.jpg; sourceTree = "<group>"; };
		1D26A13C1A8C950800A960BF /* 32.jpg */ = {isa = PBXFileReference; lastKnownFileType = image.jpeg; path = 32.jpg; sourceTree = "<group>"; };
		1D26A13D1A8C950800A960BF /* 33.jpg */ = {isa = PBXFileReference; lastKnownFileType = image.jpeg; path = 33.jpg; sourceTree = "<group>"; };
		1D26A13E1A8C950800A960BF /* 4.jpg */ = {isa = PBXFileReference; lastKnownFileType = image.jpeg; path = 4.jpg; sourceTree = "<group>"; };
		1D26A13F1A8C950800A960BF /* 5.jpg */ = {isa = PBXFileReference; lastKnownFileType = image.jpeg; path = 5.jpg; sourceTree = "<group>"; };
		1D26A1401A8C950800A960BF /* 6.jpg */ = {isa = PBXFileReference; lastKnownFileType = image.jpeg; path = 6.jpg; sourceTree = "<group>"; };
		1D26A1411A8C950800A960BF /* 7.jpg */ = {isa = PBXFileReference; lastKnownFileType = image.jpeg; path = 7.jpg; sourceTree = "<group>"; };
		1D26A1421A8C950800A960BF /* 8.jpg */ = {isa = PBXFileReference; lastKnownFileType = image.jpeg; path = 8.jpg; sourceTree = "<group>"; };
		1D26A1431A8C950800A960BF /* 9.jpg */ = {isa = PBXFileReference; lastKnownFileType = image.jpeg; path = 9.jpg; sourceTree = "<group>"; };
		1D26A1441A8C950800A960BF /* bear.png */ = {isa = PBXFileReference; lastKnownFileType = image.png; path = bear.png; sourceTree = "<group>"; };
		1D26A1451A8C950800A960BF /* channel1.png */ = {isa = PBXFileReference; lastKnownFileType = image.png; path = channel1.png; sourceTree = "<group>"; };
		1D26A1461A8C950800A960BF /* channel2.png */ = {isa = PBXFileReference; lastKnownFileType = image.png; path = channel2.png; sourceTree = "<group>"; };
		1D26A1471A8C950800A960BF /* channel3.png */ = {isa = PBXFileReference; lastKnownFileType = image.png; path = channel3.png; sourceTree = "<group>"; };
		1D26A1481A8C950800A960BF /* channel4.png */ = {isa = PBXFileReference; lastKnownFileType = image.png; path = channel4.png; sourceTree = "<group>"; };
		1D26A1491A8C950800A960BF /* channel5.png */ = {isa = PBXFileReference; lastKnownFileType = image.png; path = channel5.png; sourceTree = "<group>"; };
		1D26A14A1A8C950800A960BF /* channel6.png */ = {isa = PBXFileReference; lastKnownFileType = image.png; path = channel6.png; sourceTree = "<group>"; };
		1D26A14B1A8C950800A960BF /* channel7.png */ = {isa = PBXFileReference; lastKnownFileType = image.png; path = channel7.png; sourceTree = "<group>"; };
		1D26A14C1A8C950800A960BF /* channel8.png */ = {isa = PBXFileReference; lastKnownFileType = image.png; path = channel8.png; sourceTree = "<group>"; };
		1D26A14D1A8C950800A960BF /* channel9.png */ = {isa = PBXFileReference; lastKnownFileType = image.png; path = channel9.png; sourceTree = "<group>"; };
		1D26A14E1A8C950800A960BF /* LIVE.png */ = {isa = PBXFileReference; lastKnownFileType = image.png; path = LIVE.png; sourceTree = "<group>"; };
		1D26A14F1A8C950800A960BF /* networktv_logo.png */ = {isa = PBXFileReference; lastKnownFileType = image.png; path = networktv_logo.png; sourceTree = "<group>"; };
		1D26A1501A8C950800A960BF /* product.jpg */ = {isa = PBXFileReference; lastKnownFileType = image.jpeg; path = product.jpg; sourceTree = "<group>"; };
		1D26A1511A8C950800A960BF /* redbutton.png */ = {isa = PBXFileReference; lastKnownFileType = image.png; path = redbutton.png; sourceTree = "<group>"; };
		1D26A1521A8C950800A960BF /* redmark.png */ = {isa = PBXFileReference; lastKnownFileType = image.png; path = redmark.png; sourceTree = "<group>"; };
		1D26A1531A8C950800A960BF /* sunrising.jpg */ = {isa = PBXFileReference; lastKnownFileType = image.jpeg; path = sunrising.jpg; sourceTree = "<group>"; };
		1D30F0451A442C5B00DAEE3D /* NetworkTableViewCell.h */ = {isa = PBXFileReference; fileEncoding = 4; lastKnownFileType = sourcecode.c.h; path = NetworkTableViewCell.h; sourceTree = "<group>"; };
		1D30F0461A442C5B00DAEE3D /* NetworkTableViewCell.m */ = {isa = PBXFileReference; fileEncoding = 4; lastKnownFileType = sourcecode.c.objc; path = NetworkTableViewCell.m; sourceTree = "<group>"; };
		1D30F04E1A46951B00DAEE3D /* SettingsTableViewController.h */ = {isa = PBXFileReference; fileEncoding = 4; lastKnownFileType = sourcecode.c.h; path = SettingsTableViewController.h; sourceTree = "<group>"; };
		1D30F04F1A46951B00DAEE3D /* SettingsTableViewController.m */ = {isa = PBXFileReference; fileEncoding = 4; lastKnownFileType = sourcecode.c.objc; path = SettingsTableViewController.m; sourceTree = "<group>"; };
		1D7CFD7E1A5805E80027150E /* UIKit.framework */ = {isa = PBXFileReference; lastKnownFileType = wrapper.framework; name = UIKit.framework; path = System/Library/Frameworks/UIKit.framework; sourceTree = SDKROOT; };
		1D7CFD801A5806A70027150E /* CoreGraphics.framework */ = {isa = PBXFileReference; lastKnownFileType = wrapper.framework; name = CoreGraphics.framework; path = System/Library/Frameworks/CoreGraphics.framework; sourceTree = SDKROOT; };
		1D7CFD821A5807700027150E /* NTVColor.h */ = {isa = PBXFileReference; fileEncoding = 4; lastKnownFileType = sourcecode.c.h; path = NTVColor.h; sourceTree = "<group>"; };
		1D7CFD831A5807700027150E /* NTVColor.m */ = {isa = PBXFileReference; fileEncoding = 4; lastKnownFileType = sourcecode.c.objc; path = NTVColor.m; sourceTree = "<group>"; };
		1D8E45721A5933B40048945C /* CoreData.framework */ = {isa = PBXFileReference; lastKnownFileType = wrapper.framework; name = CoreData.framework; path = System/Library/Frameworks/CoreData.framework; sourceTree = SDKROOT; };
		1DF2A1201A89D42E009A8592 /* avplayer.bundle */ = {isa = PBXFileReference; lastKnownFileType = "wrapper.plug-in"; name = avplayer.bundle; path = HKNTV/avplayer.bundle; sourceTree = "<group>"; };
		1DF2A1221A89E93C009A8592 /* MyAVPlayerViewController.h */ = {isa = PBXFileReference; fileEncoding = 4; lastKnownFileType = sourcecode.c.h; path = MyAVPlayerViewController.h; sourceTree = "<group>"; };
		1DF2A1231A89E93C009A8592 /* MyAVPlayerViewController.m */ = {isa = PBXFileReference; fileEncoding = 4; lastKnownFileType = sourcecode.c.objc; path = MyAVPlayerViewController.m; sourceTree = "<group>"; };
		852F58CE1A17B5C700BD5939 /* CoreMedia.framework */ = {isa = PBXFileReference; lastKnownFileType = wrapper.framework; name = CoreMedia.framework; path = System/Library/Frameworks/CoreMedia.framework; sourceTree = SDKROOT; };
		85634AC31A05D5130090D457 /* HKNTV.app */ = {isa = PBXFileReference; explicitFileType = wrapper.application; includeInIndex = 0; path = HKNTV.app; sourceTree = BUILT_PRODUCTS_DIR; };
		85634AC71A05D5130090D457 /* Info.plist */ = {isa = PBXFileReference; lastKnownFileType = text.plist.xml; path = Info.plist; sourceTree = "<group>"; };
		85634AC81A05D5130090D457 /* main.m */ = {isa = PBXFileReference; lastKnownFileType = sourcecode.c.objc; path = main.m; sourceTree = "<group>"; };
		85634ACA1A05D5130090D457 /* AppDelegate.h */ = {isa = PBXFileReference; lastKnownFileType = sourcecode.c.h; path = AppDelegate.h; sourceTree = "<group>"; };
		85634ACB1A05D5130090D457 /* AppDelegate.m */ = {isa = PBXFileReference; lastKnownFileType = sourcecode.c.objc; path = AppDelegate.m; sourceTree = "<group>"; };
		85634ACD1A05D5130090D457 /* HomeViewController.h */ = {isa = PBXFileReference; lastKnownFileType = sourcecode.c.h; path = HomeViewController.h; sourceTree = "<group>"; };
		85634ACE1A05D5130090D457 /* HomeViewController.m */ = {isa = PBXFileReference; lastKnownFileType = sourcecode.c.objc; path = HomeViewController.m; sourceTree = "<group>"; };
		85634AD41A05D5130090D457 /* Base */ = {isa = PBXFileReference; lastKnownFileType = file.storyboard; name = Base; path = Base.lproj/Main.storyboard; sourceTree = "<group>"; };
		85634AD61A05D5130090D457 /* Images.xcassets */ = {isa = PBXFileReference; lastKnownFileType = folder.assetcatalog; path = Images.xcassets; sourceTree = "<group>"; };
		85634AD91A05D5130090D457 /* Base */ = {isa = PBXFileReference; lastKnownFileType = file.xib; name = Base; path = Base.lproj/LaunchScreen.xib; sourceTree = "<group>"; };
		85634ADF1A05D5140090D457 /* HKNTVTests.xctest */ = {isa = PBXFileReference; explicitFileType = wrapper.cfbundle; includeInIndex = 0; path = HKNTVTests.xctest; sourceTree = BUILT_PRODUCTS_DIR; };
		85634AE41A05D5140090D457 /* Info.plist */ = {isa = PBXFileReference; lastKnownFileType = text.plist.xml; path = Info.plist; sourceTree = "<group>"; };
		85634AE51A05D5140090D457 /* HKNTVTests.m */ = {isa = PBXFileReference; lastKnownFileType = sourcecode.c.objc; path = HKNTVTests.m; sourceTree = "<group>"; };
		85634AEF1A05D7840090D457 /* HomeCollectionViewCell.h */ = {isa = PBXFileReference; fileEncoding = 4; lastKnownFileType = sourcecode.c.h; path = HomeCollectionViewCell.h; sourceTree = "<group>"; };
		85634AF01A05D7840090D457 /* HomeCollectionViewCell.m */ = {isa = PBXFileReference; fileEncoding = 4; lastKnownFileType = sourcecode.c.objc; path = HomeCollectionViewCell.m; sourceTree = "<group>"; };
/* End PBXFileReference section */

/* Begin PBXFrameworksBuildPhase section */
		85634AC01A05D5130090D457 /* Frameworks */ = {
			isa = PBXFrameworksBuildPhase;
			buildActionMask = 2147483647;
			files = (
				1D8E45731A5933B40048945C /* CoreData.framework in Frameworks */,
				1D7CFD811A5806A70027150E /* CoreGraphics.framework in Frameworks */,
				1D7CFD7F1A5805E80027150E /* UIKit.framework in Frameworks */,
				852F58CF1A17B5C700BD5939 /* CoreMedia.framework in Frameworks */,
			);
			runOnlyForDeploymentPostprocessing = 0;
		};
		85634ADC1A05D5140090D457 /* Frameworks */ = {
			isa = PBXFrameworksBuildPhase;
			buildActionMask = 2147483647;
			files = (
			);
			runOnlyForDeploymentPostprocessing = 0;
		};
/* End PBXFrameworksBuildPhase section */

/* Begin PBXGroup section */
		1D21B3481A8856A200A7A2DA /* player */ = {
			isa = PBXGroup;
			children = (
				1D21B3601A8857FA00A7A2DA /* NTVVideoPlayerView.h */,
				1D21B3611A8857FA00A7A2DA /* NTVVideoPlayerView.m */,
				1D21B3621A8857FA00A7A2DA /* PlayerViewController.h */,
				1D21B3631A8857FA00A7A2DA /* PlayerViewController.m */,
			);
			name = player;
			sourceTree = "<group>";
		};
		1D21B3491A88575400A7A2DA /* third */ = {
			isa = PBXGroup;
			children = (
				1D21B3691A88BB5000A7A2DA /* AFNetworking */,
				1D21B37D1A88BB5000A7A2DA /* UIKit+AFNetworking */,
				1D21B34A1A88578300A7A2DA /* KeepLayout */,
			);
			name = third;
			sourceTree = "<group>";
		};
		1D21B34A1A88578300A7A2DA /* KeepLayout */ = {
			isa = PBXGroup;
			children = (
				1D21B34B1A88578300A7A2DA /* LICENSE.md */,
				1D21B34C1A88578300A7A2DA /* README.md */,
				1D21B34D1A88578300A7A2DA /* Sources */,
			);
			path = KeepLayout;
			sourceTree = "<group>";
		};
		1D21B34D1A88578300A7A2DA /* Sources */ = {
			isa = PBXGroup;
			children = (
				1D21B34E1A88578300A7A2DA /* KeepAttribute.h */,
				1D21B34F1A88578300A7A2DA /* KeepAttribute.m */,
				1D21B3501A88578300A7A2DA /* KeepLayout.h */,
				1D21B3511A88578300A7A2DA /* KeepLayoutConstraint.h */,
				1D21B3521A88578300A7A2DA /* KeepLayoutConstraint.m */,
				1D21B3531A88578300A7A2DA /* KeepTypes.h */,
				1D21B3541A88578300A7A2DA /* KeepTypes.m */,
				1D21B3551A88578300A7A2DA /* NSArray+KeepLayout.h */,
				1D21B3561A88578300A7A2DA /* NSArray+KeepLayout.m */,
				1D21B3571A88578300A7A2DA /* UIView+KeepLayout.h */,
				1D21B3581A88578300A7A2DA /* UIView+KeepLayout.m */,
			);
			path = Sources;
			sourceTree = "<group>";
		};
		1D21B3691A88BB5000A7A2DA /* AFNetworking */ = {
			isa = PBXGroup;
			children = (
				1D21B36A1A88BB5000A7A2DA /* AFHTTPRequestOperation.h */,
				1D21B36B1A88BB5000A7A2DA /* AFHTTPRequestOperation.m */,
				1D21B36C1A88BB5000A7A2DA /* AFHTTPRequestOperationManager.h */,
				1D21B36D1A88BB5000A7A2DA /* AFHTTPRequestOperationManager.m */,
				1D21B36E1A88BB5000A7A2DA /* AFHTTPSessionManager.h */,
				1D21B36F1A88BB5000A7A2DA /* AFHTTPSessionManager.m */,
				1D21B3701A88BB5000A7A2DA /* AFNetworking.h */,
				1D21B3711A88BB5000A7A2DA /* AFNetworkReachabilityManager.h */,
				1D21B3721A88BB5000A7A2DA /* AFNetworkReachabilityManager.m */,
				1D21B3731A88BB5000A7A2DA /* AFSecurityPolicy.h */,
				1D21B3741A88BB5000A7A2DA /* AFSecurityPolicy.m */,
				1D21B3751A88BB5000A7A2DA /* AFURLConnectionOperation.h */,
				1D21B3761A88BB5000A7A2DA /* AFURLConnectionOperation.m */,
				1D21B3771A88BB5000A7A2DA /* AFURLRequestSerialization.h */,
				1D21B3781A88BB5000A7A2DA /* AFURLRequestSerialization.m */,
				1D21B3791A88BB5000A7A2DA /* AFURLResponseSerialization.h */,
				1D21B37A1A88BB5000A7A2DA /* AFURLResponseSerialization.m */,
				1D21B37B1A88BB5000A7A2DA /* AFURLSessionManager.h */,
				1D21B37C1A88BB5000A7A2DA /* AFURLSessionManager.m */,
			);
			path = AFNetworking;
			sourceTree = "<group>";
		};
		1D21B37D1A88BB5000A7A2DA /* UIKit+AFNetworking */ = {
			isa = PBXGroup;
			children = (
				1D21B37E1A88BB5000A7A2DA /* AFNetworkActivityIndicatorManager.h */,
				1D21B37F1A88BB5000A7A2DA /* AFNetworkActivityIndicatorManager.m */,
				1D21B3801A88BB5100A7A2DA /* UIActivityIndicatorView+AFNetworking.h */,
				1D21B3811A88BB5100A7A2DA /* UIActivityIndicatorView+AFNetworking.m */,
				1D21B3821A88BB5100A7A2DA /* UIAlertView+AFNetworking.h */,
				1D21B3831A88BB5100A7A2DA /* UIAlertView+AFNetworking.m */,
				1D21B3841A88BB5100A7A2DA /* UIButton+AFNetworking.h */,
				1D21B3851A88BB5100A7A2DA /* UIButton+AFNetworking.m */,
				1D21B3861A88BB5100A7A2DA /* UIImageView+AFNetworking.h */,
				1D21B3871A88BB5100A7A2DA /* UIImageView+AFNetworking.m */,
				1D21B3881A88BB5100A7A2DA /* UIKit+AFNetworking.h */,
				1D21B3891A88BB5100A7A2DA /* UIProgressView+AFNetworking.h */,
				1D21B38A1A88BB5100A7A2DA /* UIProgressView+AFNetworking.m */,
				1D21B38B1A88BB5100A7A2DA /* UIRefreshControl+AFNetworking.h */,
				1D21B38C1A88BB5100A7A2DA /* UIRefreshControl+AFNetworking.m */,
				1D21B38D1A88BB5100A7A2DA /* UIWebView+AFNetworking.h */,
				1D21B38E1A88BB5100A7A2DA /* UIWebView+AFNetworking.m */,
			);
			path = "UIKit+AFNetworking";
			sourceTree = "<group>";
		};
		1D26A1221A8C950800A960BF /* hktvdemopic */ = {
			isa = PBXGroup;
			children = (
				1D26A1231A8C950800A960BF /* 1.jpg */,
				1D26A1241A8C950800A960BF /* 10.jpg */,
				1D26A1251A8C950800A960BF /* 11.jpg */,
				1D26A1261A8C950800A960BF /* 12.jpg */,
				1D26A1271A8C950800A960BF /* 13.jpg */,
				1D26A1281A8C950800A960BF /* 14.jpg */,
				1D26A1291A8C950800A960BF /* 15.jpg */,
				1D26A12A1A8C950800A960BF /* 16.jpg */,
				1D26A12B1A8C950800A960BF /* 17.jpg */,
				1D26A12C1A8C950800A960BF /* 18.jpg */,
				1D26A12D1A8C950800A960BF /* 19.jpg */,
				1D26A12E1A8C950800A960BF /* 2.jpg */,
				1D26A12F1A8C950800A960BF /* 20.jpg */,
				1D26A1301A8C950800A960BF /* 21.jpg */,
				1D26A1311A8C950800A960BF /* 22.jpg */,
				1D26A1321A8C950800A960BF /* 23.jpg */,
				1D26A1331A8C950800A960BF /* 24.jpg */,
				1D26A1341A8C950800A960BF /* 25.jpg */,
				1D26A1351A8C950800A960BF /* 26.jpg */,
				1D26A1361A8C950800A960BF /* 27.jpg */,
				1D26A1371A8C950800A960BF /* 28.jpg */,
				1D26A1381A8C950800A960BF /* 29.jpg */,
				1D26A1391A8C950800A960BF /* 3.jpg */,
				1D26A13A1A8C950800A960BF /* 30.jpg */,
				1D26A13B1A8C950800A960BF /* 31.jpg */,
				1D26A13C1A8C950800A960BF /* 32.jpg */,
				1D26A13D1A8C950800A960BF /* 33.jpg */,
				1D26A13E1A8C950800A960BF /* 4.jpg */,
				1D26A13F1A8C950800A960BF /* 5.jpg */,
				1D26A1401A8C950800A960BF /* 6.jpg */,
				1D26A1411A8C950800A960BF /* 7.jpg */,
				1D26A1421A8C950800A960BF /* 8.jpg */,
				1D26A1431A8C950800A960BF /* 9.jpg */,
				1D26A1441A8C950800A960BF /* bear.png */,
				1D26A1451A8C950800A960BF /* channel1.png */,
				1D26A1461A8C950800A960BF /* channel2.png */,
				1D26A1471A8C950800A960BF /* channel3.png */,
				1D26A1481A8C950800A960BF /* channel4.png */,
				1D26A1491A8C950800A960BF /* channel5.png */,
				1D26A14A1A8C950800A960BF /* channel6.png */,
				1D26A14B1A8C950800A960BF /* channel7.png */,
				1D26A14C1A8C950800A960BF /* channel8.png */,
				1D26A14D1A8C950800A960BF /* channel9.png */,
				1D26A14E1A8C950800A960BF /* LIVE.png */,
				1D26A14F1A8C950800A960BF /* networktv_logo.png */,
				1D26A1501A8C950800A960BF /* product.jpg */,
				1D26A1511A8C950800A960BF /* redbutton.png */,
				1D26A1521A8C950800A960BF /* redmark.png */,
				1D26A1531A8C950800A960BF /* sunrising.jpg */,
			);
			path = hktvdemopic;
			sourceTree = "<group>";
		};
		1D30F0441A442C2300DAEE3D /* Settings */ = {
			isa = PBXGroup;
			children = (
				1D30F0451A442C5B00DAEE3D /* NetworkTableViewCell.h */,
				1D30F0461A442C5B00DAEE3D /* NetworkTableViewCell.m */,
			);
			name = Settings;
			sourceTree = "<group>";
		};
		1D7CFD7A1A5803430027150E /* utils */ = {
			isa = PBXGroup;
			children = (
				1D7CFD821A5807700027150E /* NTVColor.h */,
				1D7CFD831A5807700027150E /* NTVColor.m */,
				1D21B3661A885A2100A7A2DA /* NTVSize.h */,
				1D21B3671A885A2100A7A2DA /* NTVSize.m */,
			);
			name = utils;
			sourceTree = "<group>";
		};
		85634ABA1A05D5130090D457 = {
			isa = PBXGroup;
			children = (
				85634AC51A05D5130090D457 /* HKNTV */,
				1DF2A1201A89D42E009A8592 /* avplayer.bundle */,
				85634AE21A05D5140090D457 /* HKNTVTests */,
				1D7CFD7E1A5805E80027150E /* UIKit.framework */,
				1D7CFD801A5806A70027150E /* CoreGraphics.framework */,
				1D8E45721A5933B40048945C /* CoreData.framework */,
				852F58CE1A17B5C700BD5939 /* CoreMedia.framework */,
				85634AC41A05D5130090D457 /* Products */,
			);
			sourceTree = "<group>";
		};
		85634AC41A05D5130090D457 /* Products */ = {
			isa = PBXGroup;
			children = (
				85634AC31A05D5130090D457 /* HKNTV.app */,
				85634ADF1A05D5140090D457 /* HKNTVTests.xctest */,
			);
			name = Products;
			sourceTree = "<group>";
		};
		85634AC51A05D5130090D457 /* HKNTV */ = {
			isa = PBXGroup;
			children = (
				1D26A1221A8C950800A960BF /* hktvdemopic */,
				1D21B3481A8856A200A7A2DA /* player */,
				1D7CFD7A1A5803430027150E /* utils */,
				1D30F0441A442C2300DAEE3D /* Settings */,
				85634ACA1A05D5130090D457 /* AppDelegate.h */,
				85634ACB1A05D5130090D457 /* AppDelegate.m */,
				85634ACD1A05D5130090D457 /* HomeViewController.h */,
				85634ACE1A05D5130090D457 /* HomeViewController.m */,
				1DF2A1221A89E93C009A8592 /* MyAVPlayerViewController.h */,
				1DF2A1231A89E93C009A8592 /* MyAVPlayerViewController.m */,
				85634AEF1A05D7840090D457 /* HomeCollectionViewCell.h */,
				85634AF01A05D7840090D457 /* HomeCollectionViewCell.m */,
				1D30F04E1A46951B00DAEE3D /* SettingsTableViewController.h */,
				1D30F04F1A46951B00DAEE3D /* SettingsTableViewController.m */,
				85634AD31A05D5130090D457 /* Main.storyboard */,
				85634AD61A05D5130090D457 /* Images.xcassets */,
				85634AD81A05D5130090D457 /* LaunchScreen.xib */,
				85634AC61A05D5130090D457 /* Supporting Files */,
				1D21B3491A88575400A7A2DA /* third */,
			);
			path = HKNTV;
			sourceTree = "<group>";
		};
		85634AC61A05D5130090D457 /* Supporting Files */ = {
			isa = PBXGroup;
			children = (
				85634AC71A05D5130090D457 /* Info.plist */,
				85634AC81A05D5130090D457 /* main.m */,
			);
			name = "Supporting Files";
			sourceTree = "<group>";
		};
		85634AE21A05D5140090D457 /* HKNTVTests */ = {
			isa = PBXGroup;
			children = (
				85634AE51A05D5140090D457 /* HKNTVTests.m */,
				85634AE31A05D5140090D457 /* Supporting Files */,
			);
			path = HKNTVTests;
			sourceTree = "<group>";
		};
		85634AE31A05D5140090D457 /* Supporting Files */ = {
			isa = PBXGroup;
			children = (
				85634AE41A05D5140090D457 /* Info.plist */,
			);
			name = "Supporting Files";
			sourceTree = "<group>";
		};
/* End PBXGroup section */

/* Begin PBXNativeTarget section */
		85634AC21A05D5130090D457 /* HKNTV */ = {
			isa = PBXNativeTarget;
			buildConfigurationList = 85634AE91A05D5140090D457 /* Build configuration list for PBXNativeTarget "HKNTV" */;
			buildPhases = (
				85634ABF1A05D5130090D457 /* Sources */,
				85634AC01A05D5130090D457 /* Frameworks */,
				85634AC11A05D5130090D457 /* Resources */,
			);
			buildRules = (
			);
			dependencies = (
			);
			name = HKNTV;
			productName = HKNTV;
			productReference = 85634AC31A05D5130090D457 /* HKNTV.app */;
			productType = "com.apple.product-type.application";
		};
		85634ADE1A05D5140090D457 /* HKNTVTests */ = {
			isa = PBXNativeTarget;
			buildConfigurationList = 85634AEC1A05D5140090D457 /* Build configuration list for PBXNativeTarget "HKNTVTests" */;
			buildPhases = (
				85634ADB1A05D5140090D457 /* Sources */,
				85634ADC1A05D5140090D457 /* Frameworks */,
				85634ADD1A05D5140090D457 /* Resources */,
			);
			buildRules = (
			);
			dependencies = (
				85634AE11A05D5140090D457 /* PBXTargetDependency */,
			);
			name = HKNTVTests;
			productName = HKNTVTests;
			productReference = 85634ADF1A05D5140090D457 /* HKNTVTests.xctest */;
			productType = "com.apple.product-type.bundle.unit-test";
		};
/* End PBXNativeTarget section */

/* Begin PBXProject section */
		85634ABB1A05D5130090D457 /* Project object */ = {
			isa = PBXProject;
			attributes = {
				LastUpgradeCheck = 0610;
				ORGANIZATIONNAME = ZhiYou;
				TargetAttributes = {
					85634AC21A05D5130090D457 = {
						CreatedOnToolsVersion = 6.1;
						DevelopmentTeam = G77G75RTWU;
					};
					85634ADE1A05D5140090D457 = {
						CreatedOnToolsVersion = 6.1;
						TestTargetID = 85634AC21A05D5130090D457;
					};
				};
			};
			buildConfigurationList = 85634ABE1A05D5130090D457 /* Build configuration list for PBXProject "HKNTV" */;
			compatibilityVersion = "Xcode 3.2";
			developmentRegion = English;
			hasScannedForEncodings = 0;
			knownRegions = (
				en,
				Base,
			);
			mainGroup = 85634ABA1A05D5130090D457;
			productRefGroup = 85634AC41A05D5130090D457 /* Products */;
			projectDirPath = "";
			projectRoot = "";
			targets = (
				85634AC21A05D5130090D457 /* HKNTV */,
				85634ADE1A05D5140090D457 /* HKNTVTests */,
			);
		};
/* End PBXProject section */

/* Begin PBXResourcesBuildPhase section */
		85634AC11A05D5130090D457 /* Resources */ = {
			isa = PBXResourcesBuildPhase;
			buildActionMask = 2147483647;
			files = (
				1D26A17D1A8C950800A960BF /* channel8.png in Resources */,
				1D26A1701A8C950800A960BF /* 5.jpg in Resources */,
				1D26A1691A8C950800A960BF /* 29.jpg in Resources */,
				1D26A17B1A8C950800A960BF /* channel6.png in Resources */,
				1D26A1761A8C950800A960BF /* channel1.png in Resources */,
				1D26A1681A8C950800A960BF /* 28.jpg in Resources */,
				1D26A1621A8C950800A960BF /* 22.jpg in Resources */,
				1D26A15C1A8C950800A960BF /* 17.jpg in Resources */,
				1D26A1591A8C950800A960BF /* 14.jpg in Resources */,
				1D26A1741A8C950800A960BF /* 9.jpg in Resources */,
				1D26A17E1A8C950800A960BF /* channel9.png in Resources */,
				1D26A1601A8C950800A960BF /* 20.jpg in Resources */,
				1D26A1571A8C950800A960BF /* 12.jpg in Resources */,
				1D26A1811A8C950800A960BF /* product.jpg in Resources */,
				1D26A1581A8C950800A960BF /* 13.jpg in Resources */,
				1D26A16F1A8C950800A960BF /* 4.jpg in Resources */,
				1D26A16E1A8C950800A960BF /* 33.jpg in Resources */,
				1D26A17C1A8C950800A960BF /* channel7.png in Resources */,
				85634AD51A05D5130090D457 /* Main.storyboard in Resources */,
				1D26A1781A8C950800A960BF /* channel3.png in Resources */,
				1D26A1831A8C950800A960BF /* redmark.png in Resources */,
				1D26A1731A8C950800A960BF /* 8.jpg in Resources */,
				1D26A16A1A8C950800A960BF /* 3.jpg in Resources */,
				1D26A16D1A8C950800A960BF /* 32.jpg in Resources */,
				1D26A15B1A8C950800A960BF /* 16.jpg in Resources */,
				1D26A17A1A8C950800A960BF /* channel5.png in Resources */,
				1D26A15F1A8C950800A960BF /* 2.jpg in Resources */,
				1D26A1791A8C950800A960BF /* channel4.png in Resources */,
				1DF2A1211A89D42E009A8592 /* avplayer.bundle in Resources */,
				1D26A17F1A8C950800A960BF /* LIVE.png in Resources */,
				1D26A1721A8C950800A960BF /* 7.jpg in Resources */,
				1D26A1631A8C950800A960BF /* 23.jpg in Resources */,
				85634ADA1A05D5130090D457 /* LaunchScreen.xib in Resources */,
				1D26A1821A8C950800A960BF /* redbutton.png in Resources */,
				85634AD71A05D5130090D457 /* Images.xcassets in Resources */,
				1D26A1551A8C950800A960BF /* 10.jpg in Resources */,
				1D26A15E1A8C950800A960BF /* 19.jpg in Resources */,
				1D26A1561A8C950800A960BF /* 11.jpg in Resources */,
				1D26A1641A8C950800A960BF /* 24.jpg in Resources */,
				1D26A16B1A8C950800A960BF /* 30.jpg in Resources */,
				1D26A1841A8C950800A960BF /* sunrising.jpg in Resources */,
				1D26A1541A8C950800A960BF /* 1.jpg in Resources */,
				1D26A1711A8C950800A960BF /* 6.jpg in Resources */,
				1D26A15D1A8C950800A960BF /* 18.jpg in Resources */,
				1D26A1751A8C950800A960BF /* bear.png in Resources */,
				1D26A1611A8C950800A960BF /* 21.jpg in Resources */,
				1D26A1801A8C950800A960BF /* networktv_logo.png in Resources */,
				1D26A1771A8C950800A960BF /* channel2.png in Resources */,
				1D26A1651A8C950800A960BF /* 25.jpg in Resources */,
				1D26A15A1A8C950800A960BF /* 15.jpg in Resources */,
				1D26A1671A8C950800A960BF /* 27.jpg in Resources */,
				1D26A16C1A8C950800A960BF /* 31.jpg in Resources */,
				1D26A1661A8C950800A960BF /* 26.jpg in Resources */,
			);
			runOnlyForDeploymentPostprocessing = 0;
		};
		85634ADD1A05D5140090D457 /* Resources */ = {
			isa = PBXResourcesBuildPhase;
			buildActionMask = 2147483647;
			files = (
			);
			runOnlyForDeploymentPostprocessing = 0;
		};
/* End PBXResourcesBuildPhase section */

/* Begin PBXSourcesBuildPhase section */
		85634ABF1A05D5130090D457 /* Sources */ = {
			isa = PBXSourcesBuildPhase;
			buildActionMask = 2147483647;
			files = (
				1D21B3651A8857FA00A7A2DA /* PlayerViewController.m in Sources */,
				1D30F0501A46951B00DAEE3D /* SettingsTableViewController.m in Sources */,
				1D21B3931A88BB5100A7A2DA /* AFSecurityPolicy.m in Sources */,
				1D21B3901A88BB5100A7A2DA /* AFHTTPRequestOperationManager.m in Sources */,
				1D21B38F1A88BB5100A7A2DA /* AFHTTPRequestOperation.m in Sources */,
				85634ACC1A05D5130090D457 /* AppDelegate.m in Sources */,
				1D21B35D1A88578300A7A2DA /* KeepTypes.m in Sources */,
				1D21B3681A885A2100A7A2DA /* NTVSize.m in Sources */,
				1D21B39B1A88BB5100A7A2DA /* UIButton+AFNetworking.m in Sources */,
				1D30F0471A442C5B00DAEE3D /* NetworkTableViewCell.m in Sources */,
				1D21B39C1A88BB5100A7A2DA /* UIImageView+AFNetworking.m in Sources */,
				85634ACF1A05D5130090D457 /* HomeViewController.m in Sources */,
				1D21B39D1A88BB5100A7A2DA /* UIProgressView+AFNetworking.m in Sources */,
				1D21B35F1A88578300A7A2DA /* UIView+KeepLayout.m in Sources */,
				1D21B3981A88BB5100A7A2DA /* AFNetworkActivityIndicatorManager.m in Sources */,
				85634AF11A05D7840090D457 /* HomeCollectionViewCell.m in Sources */,
				1D21B39F1A88BB5100A7A2DA /* UIWebView+AFNetworking.m in Sources */,
				1D21B3911A88BB5100A7A2DA /* AFHTTPSessionManager.m in Sources */,
				1D21B35A1A88578300A7A2DA /* README.md in Sources */,
				1D7CFD841A5807700027150E /* NTVColor.m in Sources */,
				1D21B3941A88BB5100A7A2DA /* AFURLConnectionOperation.m in Sources */,
				1D21B3951A88BB5100A7A2DA /* AFURLRequestSerialization.m in Sources */,
				1D21B3971A88BB5100A7A2DA /* AFURLSessionManager.m in Sources */,
				1D21B3961A88BB5100A7A2DA /* AFURLResponseSerialization.m in Sources */,
				1D21B39E1A88BB5100A7A2DA /* UIRefreshControl+AFNetworking.m in Sources */,
				1DF2A1241A89E93C009A8592 /* MyAVPlayerViewController.m in Sources */,
				1D21B35C1A88578300A7A2DA /* KeepLayoutConstraint.m in Sources */,
				1D21B3991A88BB5100A7A2DA /* UIActivityIndicatorView+AFNetworking.m in Sources */,
				1D21B3641A8857FA00A7A2DA /* NTVVideoPlayerView.m in Sources */,
				1D21B39A1A88BB5100A7A2DA /* UIAlertView+AFNetworking.m in Sources */,
				85634AC91A05D5130090D457 /* main.m in Sources */,
				1D21B35B1A88578300A7A2DA /* KeepAttribute.m in Sources */,
				1D21B35E1A88578300A7A2DA /* NSArray+KeepLayout.m in Sources */,
				1D21B3921A88BB5100A7A2DA /* AFNetworkReachabilityManager.m in Sources */,
				1D21B3591A88578300A7A2DA /* LICENSE.md in Sources */,
			);
			runOnlyForDeploymentPostprocessing = 0;
		};
		85634ADB1A05D5140090D457 /* Sources */ = {
			isa = PBXSourcesBuildPhase;
			buildActionMask = 2147483647;
			files = (
				85634AE61A05D5140090D457 /* HKNTVTests.m in Sources */,
			);
			runOnlyForDeploymentPostprocessing = 0;
		};
/* End PBXSourcesBuildPhase section */

/* Begin PBXTargetDependency section */
		85634AE11A05D5140090D457 /* PBXTargetDependency */ = {
			isa = PBXTargetDependency;
			target = 85634AC21A05D5130090D457 /* HKNTV */;
			targetProxy = 85634AE01A05D5140090D457 /* PBXContainerItemProxy */;
		};
/* End PBXTargetDependency section */

/* Begin PBXVariantGroup section */
		85634AD31A05D5130090D457 /* Main.storyboard */ = {
			isa = PBXVariantGroup;
			children = (
				85634AD41A05D5130090D457 /* Base */,
			);
			name = Main.storyboard;
			sourceTree = "<group>";
		};
		85634AD81A05D5130090D457 /* LaunchScreen.xib */ = {
			isa = PBXVariantGroup;
			children = (
				85634AD91A05D5130090D457 /* Base */,
			);
			name = LaunchScreen.xib;
			sourceTree = "<group>";
		};
/* End PBXVariantGroup section */

/* Begin XCBuildConfiguration section */
		85634AE71A05D5140090D457 /* Debug */ = {
			isa = XCBuildConfiguration;
			buildSettings = {
				ALWAYS_SEARCH_USER_PATHS = NO;
				CLANG_CXX_LANGUAGE_STANDARD = "gnu++0x";
				CLANG_CXX_LIBRARY = "libc++";
				CLANG_ENABLE_MODULES = YES;
				CLANG_ENABLE_OBJC_ARC = YES;
				CLANG_WARN_BOOL_CONVERSION = YES;
				CLANG_WARN_CONSTANT_CONVERSION = YES;
				CLANG_WARN_DIRECT_OBJC_ISA_USAGE = YES_ERROR;
				CLANG_WARN_EMPTY_BODY = YES;
				CLANG_WARN_ENUM_CONVERSION = YES;
				CLANG_WARN_INT_CONVERSION = YES;
				CLANG_WARN_OBJC_ROOT_CLASS = YES_ERROR;
				CLANG_WARN_UNREACHABLE_CODE = YES;
				CLANG_WARN__DUPLICATE_METHOD_MATCH = YES;
				"CODE_SIGN_IDENTITY[sdk=iphoneos*]" = "iPhone Developer";
				COPY_PHASE_STRIP = NO;
				ENABLE_STRICT_OBJC_MSGSEND = YES;
				GCC_C_LANGUAGE_STANDARD = gnu99;
				GCC_DYNAMIC_NO_PIC = NO;
				GCC_OPTIMIZATION_LEVEL = 0;
				GCC_PREPROCESSOR_DEFINITIONS = (
					"DEBUG=1",
					"$(inherited)",
				);
				GCC_SYMBOLS_PRIVATE_EXTERN = NO;
				GCC_WARN_64_TO_32_BIT_CONVERSION = YES;
				GCC_WARN_ABOUT_RETURN_TYPE = YES_ERROR;
				GCC_WARN_UNDECLARED_SELECTOR = YES;
				GCC_WARN_UNINITIALIZED_AUTOS = YES_AGGRESSIVE;
				GCC_WARN_UNUSED_FUNCTION = YES;
				GCC_WARN_UNUSED_VARIABLE = YES;
				IPHONEOS_DEPLOYMENT_TARGET = 8.1;
				MTL_ENABLE_DEBUG_INFO = YES;
				ONLY_ACTIVE_ARCH = YES;
				SDKROOT = iphoneos;
			};
			name = Debug;
		};
		85634AE81A05D5140090D457 /* Release */ = {
			isa = XCBuildConfiguration;
			buildSettings = {
				ALWAYS_SEARCH_USER_PATHS = NO;
				CLANG_CXX_LANGUAGE_STANDARD = "gnu++0x";
				CLANG_CXX_LIBRARY = "libc++";
				CLANG_ENABLE_MODULES = YES;
				CLANG_ENABLE_OBJC_ARC = YES;
				CLANG_WARN_BOOL_CONVERSION = YES;
				CLANG_WARN_CONSTANT_CONVERSION = YES;
				CLANG_WARN_DIRECT_OBJC_ISA_USAGE = YES_ERROR;
				CLANG_WARN_EMPTY_BODY = YES;
				CLANG_WARN_ENUM_CONVERSION = YES;
				CLANG_WARN_INT_CONVERSION = YES;
				CLANG_WARN_OBJC_ROOT_CLASS = YES_ERROR;
				CLANG_WARN_UNREACHABLE_CODE = YES;
				CLANG_WARN__DUPLICATE_METHOD_MATCH = YES;
				"CODE_SIGN_IDENTITY[sdk=iphoneos*]" = "iPhone Developer";
				COPY_PHASE_STRIP = YES;
				ENABLE_NS_ASSERTIONS = NO;
				ENABLE_STRICT_OBJC_MSGSEND = YES;
				GCC_C_LANGUAGE_STANDARD = gnu99;
				GCC_WARN_64_TO_32_BIT_CONVERSION = YES;
				GCC_WARN_ABOUT_RETURN_TYPE = YES_ERROR;
				GCC_WARN_UNDECLARED_SELECTOR = YES;
				GCC_WARN_UNINITIALIZED_AUTOS = YES_AGGRESSIVE;
				GCC_WARN_UNUSED_FUNCTION = YES;
				GCC_WARN_UNUSED_VARIABLE = YES;
				IPHONEOS_DEPLOYMENT_TARGET = 8.1;
				MTL_ENABLE_DEBUG_INFO = NO;
				SDKROOT = iphoneos;
				VALIDATE_PRODUCT = YES;
			};
			name = Release;
		};
		85634AEA1A05D5140090D457 /* Debug */ = {
			isa = XCBuildConfiguration;
			buildSettings = {
				ASSETCATALOG_COMPILER_APPICON_NAME = AppIcon;
				CODE_SIGN_IDENTITY = "iPhone Developer";
				"CODE_SIGN_IDENTITY[sdk=iphoneos*]" = "iPhone Developer";
				INFOPLIST_FILE = HKNTV/Info.plist;
				IPHONEOS_DEPLOYMENT_TARGET = 7.0;
				LD_RUNPATH_SEARCH_PATHS = "$(inherited) @executable_path/Frameworks";
				PRODUCT_NAME = "$(TARGET_NAME)";
				PROVISIONING_PROFILE = "";
			};
			name = Debug;
		};
		85634AEB1A05D5140090D457 /* Release */ = {
			isa = XCBuildConfiguration;
			buildSettings = {
				ASSETCATALOG_COMPILER_APPICON_NAME = AppIcon;
				CODE_SIGN_IDENTITY = "iPhone Developer";
				"CODE_SIGN_IDENTITY[sdk=iphoneos*]" = "iPhone Developer";
				INFOPLIST_FILE = HKNTV/Info.plist;
				IPHONEOS_DEPLOYMENT_TARGET = 7.0;
				LD_RUNPATH_SEARCH_PATHS = "$(inherited) @executable_path/Frameworks";
				PRODUCT_NAME = "$(TARGET_NAME)";
				PROVISIONING_PROFILE = "";
			};
			name = Release;
		};
		85634AED1A05D5140090D457 /* Debug */ = {
			isa = XCBuildConfiguration;
			buildSettings = {
				BUNDLE_LOADER = "$(TEST_HOST)";
				FRAMEWORK_SEARCH_PATHS = (
					"$(SDKROOT)/Developer/Library/Frameworks",
					"$(inherited)",
				);
				GCC_PREPROCESSOR_DEFINITIONS = (
					"DEBUG=1",
					"$(inherited)",
				);
				INFOPLIST_FILE = HKNTVTests/Info.plist;
				LD_RUNPATH_SEARCH_PATHS = "$(inherited) @executable_path/Frameworks @loader_path/Frameworks";
				PRODUCT_NAME = "$(TARGET_NAME)";
				TEST_HOST = "$(BUILT_PRODUCTS_DIR)/HKNTV.app/HKNTV";
			};
			name = Debug;
		};
		85634AEE1A05D5140090D457 /* Release */ = {
			isa = XCBuildConfiguration;
			buildSettings = {
				BUNDLE_LOADER = "$(TEST_HOST)";
				FRAMEWORK_SEARCH_PATHS = (
					"$(SDKROOT)/Developer/Library/Frameworks",
					"$(inherited)",
				);
				INFOPLIST_FILE = HKNTVTests/Info.plist;
				LD_RUNPATH_SEARCH_PATHS = "$(inherited) @executable_path/Frameworks @loader_path/Frameworks";
				PRODUCT_NAME = "$(TARGET_NAME)";
				TEST_HOST = "$(BUILT_PRODUCTS_DIR)/HKNTV.app/HKNTV";
			};
			name = Release;
		};
/* End XCBuildConfiguration section */

/* Begin XCConfigurationList section */
		85634ABE1A05D5130090D457 /* Build configuration list for PBXProject "HKNTV" */ = {
			isa = XCConfigurationList;
			buildConfigurations = (
				85634AE71A05D5140090D457 /* Debug */,
				85634AE81A05D5140090D457 /* Release */,
			);
			defaultConfigurationIsVisible = 0;
			defaultConfigurationName = Release;
		};
		85634AE91A05D5140090D457 /* Build configuration list for PBXNativeTarget "HKNTV" */ = {
			isa = XCConfigurationList;
			buildConfigurations = (
				85634AEA1A05D5140090D457 /* Debug */,
				85634AEB1A05D5140090D457 /* Release */,
			);
			defaultConfigurationIsVisible = 0;
			defaultConfigurationName = Release;
		};
		85634AEC1A05D5140090D457 /* Build configuration list for PBXNativeTarget "HKNTVTests" */ = {
			isa = XCConfigurationList;
			buildConfigurations = (
				85634AED1A05D5140090D457 /* Debug */,
				85634AEE1A05D5140090D457 /* Release */,
			);
			defaultConfigurationIsVisible = 0;
			defaultConfigurationName = Release;
		};
/* End XCConfigurationList section */
	};
	rootObject = 85634ABB1A05D5130090D457 /* Project object */;
}
