// !$*UTF8*$!
{
	archiveVersion = 1;
	classes = {
	};
	objectVersion = 46;
	objects = {

/* Begin PBXBuildFile section */
		1D845A601A2710E000E1EED3 /* bear.png in Resources */ = {isa = PBXBuildFile; fileRef = 1D845A5F1A2710E000E1EED3 /* bear.png */; };
		1D8F2D081A25DFCB00B0F8FE /* product.jpg in Resources */ = {isa = PBXBuildFile; fileRef = 1D8F2D061A25DFCB00B0F8FE /* product.jpg */; };
		1D8F2D091A25DFCB00B0F8FE /* sunrising.jpg in Resources */ = {isa = PBXBuildFile; fileRef = 1D8F2D071A25DFCB00B0F8FE /* sunrising.jpg */; };
		1D8F2D0B1A25F9C600B0F8FE /* redmark.png in Resources */ = {isa = PBXBuildFile; fileRef = 1D8F2D0A1A25F9C600B0F8FE /* redmark.png */; };
		851ED8A31A072345007DB60F /* MyAVPlayerViewController.m in Sources */ = {isa = PBXBuildFile; fileRef = 851ED8A21A072345007DB60F /* MyAVPlayerViewController.m */; };
		852F58CF1A17B5C700BD5939 /* CoreMedia.framework in Frameworks */ = {isa = PBXBuildFile; fileRef = 852F58CE1A17B5C700BD5939 /* CoreMedia.framework */; };
		85634AC91A05D5130090D457 /* main.m in Sources */ = {isa = PBXBuildFile; fileRef = 85634AC81A05D5130090D457 /* main.m */; };
		85634ACC1A05D5130090D457 /* AppDelegate.m in Sources */ = {isa = PBXBuildFile; fileRef = 85634ACB1A05D5130090D457 /* AppDelegate.m */; };
		85634ACF1A05D5130090D457 /* LiveViewController.m in Sources */ = {isa = PBXBuildFile; fileRef = 85634ACE1A05D5130090D457 /* LiveViewController.m */; };
		85634AD21A05D5130090D457 /* VODViewController.m in Sources */ = {isa = PBXBuildFile; fileRef = 85634AD11A05D5130090D457 /* VODViewController.m */; };
		85634AD51A05D5130090D457 /* Main.storyboard in Resources */ = {isa = PBXBuildFile; fileRef = 85634AD31A05D5130090D457 /* Main.storyboard */; };
		85634AD71A05D5130090D457 /* Images.xcassets in Resources */ = {isa = PBXBuildFile; fileRef = 85634AD61A05D5130090D457 /* Images.xcassets */; };
		85634ADA1A05D5130090D457 /* LaunchScreen.xib in Resources */ = {isa = PBXBuildFile; fileRef = 85634AD81A05D5130090D457 /* LaunchScreen.xib */; };
		85634AE61A05D5140090D457 /* HKNTVTests.m in Sources */ = {isa = PBXBuildFile; fileRef = 85634AE51A05D5140090D457 /* HKNTVTests.m */; };
		85634AF11A05D7840090D457 /* LiveCollectionViewCell.m in Sources */ = {isa = PBXBuildFile; fileRef = 85634AF01A05D7840090D457 /* LiveCollectionViewCell.m */; };
		85634B141A05DA100090D457 /* 1.jpg in Resources */ = {isa = PBXBuildFile; fileRef = 85634AF31A05DA100090D457 /* 1.jpg */; };
		85634B151A05DA100090D457 /* 10.jpg in Resources */ = {isa = PBXBuildFile; fileRef = 85634AF41A05DA100090D457 /* 10.jpg */; };
		85634B161A05DA100090D457 /* 11.jpg in Resources */ = {isa = PBXBuildFile; fileRef = 85634AF51A05DA100090D457 /* 11.jpg */; };
		85634B171A05DA100090D457 /* 12.jpg in Resources */ = {isa = PBXBuildFile; fileRef = 85634AF61A05DA100090D457 /* 12.jpg */; };
		85634B181A05DA100090D457 /* 13.jpg in Resources */ = {isa = PBXBuildFile; fileRef = 85634AF71A05DA100090D457 /* 13.jpg */; };
		85634B191A05DA100090D457 /* 14.jpg in Resources */ = {isa = PBXBuildFile; fileRef = 85634AF81A05DA100090D457 /* 14.jpg */; };
		85634B1A1A05DA100090D457 /* 15.jpg in Resources */ = {isa = PBXBuildFile; fileRef = 85634AF91A05DA100090D457 /* 15.jpg */; };
		85634B1B1A05DA100090D457 /* 16.jpg in Resources */ = {isa = PBXBuildFile; fileRef = 85634AFA1A05DA100090D457 /* 16.jpg */; };
		85634B1C1A05DA100090D457 /* 17.jpg in Resources */ = {isa = PBXBuildFile; fileRef = 85634AFB1A05DA100090D457 /* 17.jpg */; };
		85634B1D1A05DA100090D457 /* 18.jpg in Resources */ = {isa = PBXBuildFile; fileRef = 85634AFC1A05DA100090D457 /* 18.jpg */; };
		85634B1E1A05DA100090D457 /* 19.jpg in Resources */ = {isa = PBXBuildFile; fileRef = 85634AFD1A05DA100090D457 /* 19.jpg */; };
		85634B1F1A05DA100090D457 /* 2.jpg in Resources */ = {isa = PBXBuildFile; fileRef = 85634AFE1A05DA100090D457 /* 2.jpg */; };
		85634B201A05DA100090D457 /* 20.jpg in Resources */ = {isa = PBXBuildFile; fileRef = 85634AFF1A05DA100090D457 /* 20.jpg */; };
		85634B211A05DA100090D457 /* 21.jpg in Resources */ = {isa = PBXBuildFile; fileRef = 85634B001A05DA100090D457 /* 21.jpg */; };
		85634B221A05DA100090D457 /* 22.jpg in Resources */ = {isa = PBXBuildFile; fileRef = 85634B011A05DA100090D457 /* 22.jpg */; };
		85634B231A05DA100090D457 /* 23.jpg in Resources */ = {isa = PBXBuildFile; fileRef = 85634B021A05DA100090D457 /* 23.jpg */; };
		85634B241A05DA100090D457 /* 24.jpg in Resources */ = {isa = PBXBuildFile; fileRef = 85634B031A05DA100090D457 /* 24.jpg */; };
		85634B251A05DA100090D457 /* 25.jpg in Resources */ = {isa = PBXBuildFile; fileRef = 85634B041A05DA100090D457 /* 25.jpg */; };
		85634B261A05DA100090D457 /* 26.jpg in Resources */ = {isa = PBXBuildFile; fileRef = 85634B051A05DA100090D457 /* 26.jpg */; };
		85634B271A05DA100090D457 /* 27.jpg in Resources */ = {isa = PBXBuildFile; fileRef = 85634B061A05DA100090D457 /* 27.jpg */; };
		85634B281A05DA100090D457 /* 28.jpg in Resources */ = {isa = PBXBuildFile; fileRef = 85634B071A05DA100090D457 /* 28.jpg */; };
		85634B291A05DA100090D457 /* 29.jpg in Resources */ = {isa = PBXBuildFile; fileRef = 85634B081A05DA100090D457 /* 29.jpg */; };
		85634B2A1A05DA100090D457 /* 3.jpg in Resources */ = {isa = PBXBuildFile; fileRef = 85634B091A05DA100090D457 /* 3.jpg */; };
		85634B2B1A05DA100090D457 /* 30.jpg in Resources */ = {isa = PBXBuildFile; fileRef = 85634B0A1A05DA100090D457 /* 30.jpg */; };
		85634B2C1A05DA100090D457 /* 31.jpg in Resources */ = {isa = PBXBuildFile; fileRef = 85634B0B1A05DA100090D457 /* 31.jpg */; };
		85634B2D1A05DA100090D457 /* 32.jpg in Resources */ = {isa = PBXBuildFile; fileRef = 85634B0C1A05DA100090D457 /* 32.jpg */; };
		85634B2E1A05DA100090D457 /* 33.jpg in Resources */ = {isa = PBXBuildFile; fileRef = 85634B0D1A05DA100090D457 /* 33.jpg */; };
		85634B2F1A05DA100090D457 /* 4.jpg in Resources */ = {isa = PBXBuildFile; fileRef = 85634B0E1A05DA100090D457 /* 4.jpg */; };
		85634B301A05DA100090D457 /* 5.jpg in Resources */ = {isa = PBXBuildFile; fileRef = 85634B0F1A05DA100090D457 /* 5.jpg */; };
		85634B311A05DA100090D457 /* 6.jpg in Resources */ = {isa = PBXBuildFile; fileRef = 85634B101A05DA100090D457 /* 6.jpg */; };
		85634B321A05DA100090D457 /* 7.jpg in Resources */ = {isa = PBXBuildFile; fileRef = 85634B111A05DA100090D457 /* 7.jpg */; };
		85634B331A05DA100090D457 /* 8.jpg in Resources */ = {isa = PBXBuildFile; fileRef = 85634B121A05DA100090D457 /* 8.jpg */; };
		85634B341A05DA100090D457 /* 9.jpg in Resources */ = {isa = PBXBuildFile; fileRef = 85634B131A05DA100090D457 /* 9.jpg */; };
/* End PBXBuildFile section */

/* Begin PBXContainerItemProxy section */
		85634AE01A05D5140090D457 /* PBXContainerItemProxy */ = {
			isa = PBXContainerItemProxy;
			containerPortal = 85634ABB1A05D5130090D457 /* Project object */;
			proxyType = 1;
			remoteGlobalIDString = 85634AC21A05D5130090D457;
			remoteInfo = HKNTV;
		};
/* End PBXContainerItemProxy section */

/* Begin PBXFileReference section */
		1D845A5F1A2710E000E1EED3 /* bear.png */ = {isa = PBXFileReference; lastKnownFileType = image.png; path = bear.png; sourceTree = "<group>"; };
		1D8F2D061A25DFCB00B0F8FE /* product.jpg */ = {isa = PBXFileReference; lastKnownFileType = image.jpeg; path = product.jpg; sourceTree = "<group>"; };
		1D8F2D071A25DFCB00B0F8FE /* sunrising.jpg */ = {isa = PBXFileReference; lastKnownFileType = image.jpeg; path = sunrising.jpg; sourceTree = "<group>"; };
		1D8F2D0A1A25F9C600B0F8FE /* redmark.png */ = {isa = PBXFileReference; lastKnownFileType = image.png; path = redmark.png; sourceTree = "<group>"; };
		851ED8A11A072345007DB60F /* MyAVPlayerViewController.h */ = {isa = PBXFileReference; fileEncoding = 4; lastKnownFileType = sourcecode.c.h; path = MyAVPlayerViewController.h; sourceTree = "<group>"; };
		851ED8A21A072345007DB60F /* MyAVPlayerViewController.m */ = {isa = PBXFileReference; fileEncoding = 4; lastKnownFileType = sourcecode.c.objc; path = MyAVPlayerViewController.m; sourceTree = "<group>"; };
		852F58CE1A17B5C700BD5939 /* CoreMedia.framework */ = {isa = PBXFileReference; lastKnownFileType = wrapper.framework; name = CoreMedia.framework; path = System/Library/Frameworks/CoreMedia.framework; sourceTree = SDKROOT; };
		85634AC31A05D5130090D457 /* HKNTV.app */ = {isa = PBXFileReference; explicitFileType = wrapper.application; includeInIndex = 0; path = HKNTV.app; sourceTree = BUILT_PRODUCTS_DIR; };
		85634AC71A05D5130090D457 /* Info.plist */ = {isa = PBXFileReference; lastKnownFileType = text.plist.xml; path = Info.plist; sourceTree = "<group>"; };
		85634AC81A05D5130090D457 /* main.m */ = {isa = PBXFileReference; lastKnownFileType = sourcecode.c.objc; path = main.m; sourceTree = "<group>"; };
		85634ACA1A05D5130090D457 /* AppDelegate.h */ = {isa = PBXFileReference; lastKnownFileType = sourcecode.c.h; path = AppDelegate.h; sourceTree = "<group>"; };
		85634ACB1A05D5130090D457 /* AppDelegate.m */ = {isa = PBXFileReference; lastKnownFileType = sourcecode.c.objc; path = AppDelegate.m; sourceTree = "<group>"; };
		85634ACD1A05D5130090D457 /* LiveViewController.h */ = {isa = PBXFileReference; lastKnownFileType = sourcecode.c.h; path = LiveViewController.h; sourceTree = "<group>"; };
		85634ACE1A05D5130090D457 /* LiveViewController.m */ = {isa = PBXFileReference; lastKnownFileType = sourcecode.c.objc; path = LiveViewController.m; sourceTree = "<group>"; };
		85634AD01A05D5130090D457 /* VODViewController.h */ = {isa = PBXFileReference; lastKnownFileType = sourcecode.c.h; path = VODViewController.h; sourceTree = "<group>"; };
		85634AD11A05D5130090D457 /* VODViewController.m */ = {isa = PBXFileReference; lastKnownFileType = sourcecode.c.objc; path = VODViewController.m; sourceTree = "<group>"; };
		85634AD41A05D5130090D457 /* Base */ = {isa = PBXFileReference; lastKnownFileType = file.storyboard; name = Base; path = Base.lproj/Main.storyboard; sourceTree = "<group>"; };
		85634AD61A05D5130090D457 /* Images.xcassets */ = {isa = PBXFileReference; lastKnownFileType = folder.assetcatalog; path = Images.xcassets; sourceTree = "<group>"; };
		85634AD91A05D5130090D457 /* Base */ = {isa = PBXFileReference; lastKnownFileType = file.xib; name = Base; path = Base.lproj/LaunchScreen.xib; sourceTree = "<group>"; };
		85634ADF1A05D5140090D457 /* HKNTVTests.xctest */ = {isa = PBXFileReference; explicitFileType = wrapper.cfbundle; includeInIndex = 0; path = HKNTVTests.xctest; sourceTree = BUILT_PRODUCTS_DIR; };
		85634AE41A05D5140090D457 /* Info.plist */ = {isa = PBXFileReference; lastKnownFileType = text.plist.xml; path = Info.plist; sourceTree = "<group>"; };
		85634AE51A05D5140090D457 /* HKNTVTests.m */ = {isa = PBXFileReference; lastKnownFileType = sourcecode.c.objc; path = HKNTVTests.m; sourceTree = "<group>"; };
		85634AEF1A05D7840090D457 /* LiveCollectionViewCell.h */ = {isa = PBXFileReference; fileEncoding = 4; lastKnownFileType = sourcecode.c.h; path = LiveCollectionViewCell.h; sourceTree = "<group>"; };
		85634AF01A05D7840090D457 /* LiveCollectionViewCell.m */ = {isa = PBXFileReference; fileEncoding = 4; lastKnownFileType = sourcecode.c.objc; path = LiveCollectionViewCell.m; sourceTree = "<group>"; };
		85634AF31A05DA100090D457 /* 1.jpg */ = {isa = PBXFileReference; lastKnownFileType = image.jpeg; path = 1.jpg; sourceTree = "<group>"; };
		85634AF41A05DA100090D457 /* 10.jpg */ = {isa = PBXFileReference; lastKnownFileType = image.jpeg; path = 10.jpg; sourceTree = "<group>"; };
		85634AF51A05DA100090D457 /* 11.jpg */ = {isa = PBXFileReference; lastKnownFileType = image.jpeg; path = 11.jpg; sourceTree = "<group>"; };
		85634AF61A05DA100090D457 /* 12.jpg */ = {isa = PBXFileReference; lastKnownFileType = image.jpeg; path = 12.jpg; sourceTree = "<group>"; };
		85634AF71A05DA100090D457 /* 13.jpg */ = {isa = PBXFileReference; lastKnownFileType = image.jpeg; path = 13.jpg; sourceTree = "<group>"; };
		85634AF81A05DA100090D457 /* 14.jpg */ = {isa = PBXFileReference; lastKnownFileType = image.jpeg; path = 14.jpg; sourceTree = "<group>"; };
		85634AF91A05DA100090D457 /* 15.jpg */ = {isa = PBXFileReference; lastKnownFileType = image.jpeg; path = 15.jpg; sourceTree = "<group>"; };
		85634AFA1A05DA100090D457 /* 16.jpg */ = {isa = PBXFileReference; lastKnownFileType = image.jpeg; path = 16.jpg; sourceTree = "<group>"; };
		85634AFB1A05DA100090D457 /* 17.jpg */ = {isa = PBXFileReference; lastKnownFileType = image.jpeg; path = 17.jpg; sourceTree = "<group>"; };
		85634AFC1A05DA100090D457 /* 18.jpg */ = {isa = PBXFileReference; lastKnownFileType = image.jpeg; path = 18.jpg; sourceTree = "<group>"; };
		85634AFD1A05DA100090D457 /* 19.jpg */ = {isa = PBXFileReference; lastKnownFileType = image.jpeg; path = 19.jpg; sourceTree = "<group>"; };
		85634AFE1A05DA100090D457 /* 2.jpg */ = {isa = PBXFileReference; lastKnownFileType = image.jpeg; path = 2.jpg; sourceTree = "<group>"; };
		85634AFF1A05DA100090D457 /* 20.jpg */ = {isa = PBXFileReference; lastKnownFileType = image.jpeg; path = 20.jpg; sourceTree = "<group>"; };
		85634B001A05DA100090D457 /* 21.jpg */ = {isa = PBXFileReference; lastKnownFileType = image.jpeg; path = 21.jpg; sourceTree = "<group>"; };
		85634B011A05DA100090D457 /* 22.jpg */ = {isa = PBXFileReference; lastKnownFileType = image.jpeg; path = 22.jpg; sourceTree = "<group>"; };
		85634B021A05DA100090D457 /* 23.jpg */ = {isa = PBXFileReference; lastKnownFileType = image.jpeg; path = 23.jpg; sourceTree = "<group>"; };
		85634B031A05DA100090D457 /* 24.jpg */ = {isa = PBXFileReference; lastKnownFileType = image.jpeg; path = 24.jpg; sourceTree = "<group>"; };
		85634B041A05DA100090D457 /* 25.jpg */ = {isa = PBXFileReference; lastKnownFileType = image.jpeg; path = 25.jpg; sourceTree = "<group>"; };
		85634B051A05DA100090D457 /* 26.jpg */ = {isa = PBXFileReference; lastKnownFileType = image.jpeg; path = 26.jpg; sourceTree = "<group>"; };
		85634B061A05DA100090D457 /* 27.jpg */ = {isa = PBXFileReference; lastKnownFileType = image.jpeg; path = 27.jpg; sourceTree = "<group>"; };
		85634B071A05DA100090D457 /* 28.jpg */ = {isa = PBXFileReference; lastKnownFileType = image.jpeg; path = 28.jpg; sourceTree = "<group>"; };
		85634B081A05DA100090D457 /* 29.jpg */ = {isa = PBXFileReference; lastKnownFileType = image.jpeg; path = 29.jpg; sourceTree = "<group>"; };
		85634B091A05DA100090D457 /* 3.jpg */ = {isa = PBXFileReference; lastKnownFileType = image.jpeg; path = 3.jpg; sourceTree = "<group>"; };
		85634B0A1A05DA100090D457 /* 30.jpg */ = {isa = PBXFileReference; lastKnownFileType = image.jpeg; path = 30.jpg; sourceTree = "<group>"; };
		85634B0B1A05DA100090D457 /* 31.jpg */ = {isa = PBXFileReference; lastKnownFileType = image.jpeg; path = 31.jpg; sourceTree = "<group>"; };
		85634B0C1A05DA100090D457 /* 32.jpg */ = {isa = PBXFileReference; lastKnownFileType = image.jpeg; path = 32.jpg; sourceTree = "<group>"; };
		85634B0D1A05DA100090D457 /* 33.jpg */ = {isa = PBXFileReference; lastKnownFileType = image.jpeg; path = 33.jpg; sourceTree = "<group>"; };
		85634B0E1A05DA100090D457 /* 4.jpg */ = {isa = PBXFileReference; lastKnownFileType = image.jpeg; path = 4.jpg; sourceTree = "<group>"; };
		85634B0F1A05DA100090D457 /* 5.jpg */ = {isa = PBXFileReference; lastKnownFileType = image.jpeg; path = 5.jpg; sourceTree = "<group>"; };
		85634B101A05DA100090D457 /* 6.jpg */ = {isa = PBXFileReference; lastKnownFileType = image.jpeg; path = 6.jpg; sourceTree = "<group>"; };
		85634B111A05DA100090D457 /* 7.jpg */ = {isa = PBXFileReference; lastKnownFileType = image.jpeg; path = 7.jpg; sourceTree = "<group>"; };
		85634B121A05DA100090D457 /* 8.jpg */ = {isa = PBXFileReference; lastKnownFileType = image.jpeg; path = 8.jpg; sourceTree = "<group>"; };
		85634B131A05DA100090D457 /* 9.jpg */ = {isa = PBXFileReference; lastKnownFileType = image.jpeg; path = 9.jpg; sourceTree = "<group>"; };
/* End PBXFileReference section */

/* Begin PBXFrameworksBuildPhase section */
		85634AC01A05D5130090D457 /* Frameworks */ = {
			isa = PBXFrameworksBuildPhase;
			buildActionMask = 2147483647;
			files = (
				852F58CF1A17B5C700BD5939 /* CoreMedia.framework in Frameworks */,
			);
			runOnlyForDeploymentPostprocessing = 0;
		};
		85634ADC1A05D5140090D457 /* Frameworks */ = {
			isa = PBXFrameworksBuildPhase;
			buildActionMask = 2147483647;
			files = (
			);
			runOnlyForDeploymentPostprocessing = 0;
		};
/* End PBXFrameworksBuildPhase section */

/* Begin PBXGroup section */
		85634ABA1A05D5130090D457 = {
			isa = PBXGroup;
			children = (
				852F58CE1A17B5C700BD5939 /* CoreMedia.framework */,
				85634AC51A05D5130090D457 /* HKNTV */,
				85634AE21A05D5140090D457 /* HKNTVTests */,
				85634AC41A05D5130090D457 /* Products */,
			);
			sourceTree = "<group>";
		};
		85634AC41A05D5130090D457 /* Products */ = {
			isa = PBXGroup;
			children = (
				85634AC31A05D5130090D457 /* HKNTV.app */,
				85634ADF1A05D5140090D457 /* HKNTVTests.xctest */,
			);
			name = Products;
			sourceTree = "<group>";
		};
		85634AC51A05D5130090D457 /* HKNTV */ = {
			isa = PBXGroup;
			children = (
				85634AF21A05DA100090D457 /* hktvdemopic */,
				85634ACA1A05D5130090D457 /* AppDelegate.h */,
				85634ACB1A05D5130090D457 /* AppDelegate.m */,
				85634ACD1A05D5130090D457 /* LiveViewController.h */,
				85634ACE1A05D5130090D457 /* LiveViewController.m */,
				85634AD01A05D5130090D457 /* VODViewController.h */,
				85634AD11A05D5130090D457 /* VODViewController.m */,
				85634AD31A05D5130090D457 /* Main.storyboard */,
				85634AD61A05D5130090D457 /* Images.xcassets */,
				85634AD81A05D5130090D457 /* LaunchScreen.xib */,
				85634AC61A05D5130090D457 /* Supporting Files */,
				85634AEF1A05D7840090D457 /* LiveCollectionViewCell.h */,
				85634AF01A05D7840090D457 /* LiveCollectionViewCell.m */,
				851ED8A11A072345007DB60F /* MyAVPlayerViewController.h */,
				851ED8A21A072345007DB60F /* MyAVPlayerViewController.m */,
			);
			path = HKNTV;
			sourceTree = "<group>";
		};
		85634AC61A05D5130090D457 /* Supporting Files */ = {
			isa = PBXGroup;
			children = (
				85634AC71A05D5130090D457 /* Info.plist */,
				85634AC81A05D5130090D457 /* main.m */,
			);
			name = "Supporting Files";
			sourceTree = "<group>";
		};
		85634AE21A05D5140090D457 /* HKNTVTests */ = {
			isa = PBXGroup;
			children = (
				85634AE51A05D5140090D457 /* HKNTVTests.m */,
				85634AE31A05D5140090D457 /* Supporting Files */,
			);
			path = HKNTVTests;
			sourceTree = "<group>";
		};
		85634AE31A05D5140090D457 /* Supporting Files */ = {
			isa = PBXGroup;
			children = (
				85634AE41A05D5140090D457 /* Info.plist */,
			);
			name = "Supporting Files";
			sourceTree = "<group>";
		};
		85634AF21A05DA100090D457 /* hktvdemopic */ = {
			isa = PBXGroup;
			children = (
				1D845A5F1A2710E000E1EED3 /* bear.png */,
				1D8F2D0A1A25F9C600B0F8FE /* redmark.png */,
				1D8F2D061A25DFCB00B0F8FE /* product.jpg */,
				1D8F2D071A25DFCB00B0F8FE /* sunrising.jpg */,
				85634AF31A05DA100090D457 /* 1.jpg */,
				85634AF41A05DA100090D457 /* 10.jpg */,
				85634AF51A05DA100090D457 /* 11.jpg */,
				85634AF61A05DA100090D457 /* 12.jpg */,
				85634AF71A05DA100090D457 /* 13.jpg */,
				85634AF81A05DA100090D457 /* 14.jpg */,
				85634AF91A05DA100090D457 /* 15.jpg */,
				85634AFA1A05DA100090D457 /* 16.jpg */,
				85634AFB1A05DA100090D457 /* 17.jpg */,
				85634AFC1A05DA100090D457 /* 18.jpg */,
				85634AFD1A05DA100090D457 /* 19.jpg */,
				85634AFE1A05DA100090D457 /* 2.jpg */,
				85634AFF1A05DA100090D457 /* 20.jpg */,
				85634B001A05DA100090D457 /* 21.jpg */,
				85634B011A05DA100090D457 /* 22.jpg */,
				85634B021A05DA100090D457 /* 23.jpg */,
				85634B031A05DA100090D457 /* 24.jpg */,
				85634B041A05DA100090D457 /* 25.jpg */,
				85634B051A05DA100090D457 /* 26.jpg */,
				85634B061A05DA100090D457 /* 27.jpg */,
				85634B071A05DA100090D457 /* 28.jpg */,
				85634B081A05DA100090D457 /* 29.jpg */,
				85634B091A05DA100090D457 /* 3.jpg */,
				85634B0A1A05DA100090D457 /* 30.jpg */,
				85634B0B1A05DA100090D457 /* 31.jpg */,
				85634B0C1A05DA100090D457 /* 32.jpg */,
				85634B0D1A05DA100090D457 /* 33.jpg */,
				85634B0E1A05DA100090D457 /* 4.jpg */,
				85634B0F1A05DA100090D457 /* 5.jpg */,
				85634B101A05DA100090D457 /* 6.jpg */,
				85634B111A05DA100090D457 /* 7.jpg */,
				85634B121A05DA100090D457 /* 8.jpg */,
				85634B131A05DA100090D457 /* 9.jpg */,
			);
			name = hktvdemopic;
			path = ../../hktvdemopic;
			sourceTree = "<group>";
		};
/* End PBXGroup section */

/* Begin PBXNativeTarget section */
		85634AC21A05D5130090D457 /* HKNTV */ = {
			isa = PBXNativeTarget;
			buildConfigurationList = 85634AE91A05D5140090D457 /* Build configuration list for PBXNativeTarget "HKNTV" */;
			buildPhases = (
				85634ABF1A05D5130090D457 /* Sources */,
				85634AC01A05D5130090D457 /* Frameworks */,
				85634AC11A05D5130090D457 /* Resources */,
			);
			buildRules = (
			);
			dependencies = (
			);
			name = HKNTV;
			productName = HKNTV;
			productReference = 85634AC31A05D5130090D457 /* HKNTV.app */;
			productType = "com.apple.product-type.application";
		};
		85634ADE1A05D5140090D457 /* HKNTVTests */ = {
			isa = PBXNativeTarget;
			buildConfigurationList = 85634AEC1A05D5140090D457 /* Build configuration list for PBXNativeTarget "HKNTVTests" */;
			buildPhases = (
				85634ADB1A05D5140090D457 /* Sources */,
				85634ADC1A05D5140090D457 /* Frameworks */,
				85634ADD1A05D5140090D457 /* Resources */,
			);
			buildRules = (
			);
			dependencies = (
				85634AE11A05D5140090D457 /* PBXTargetDependency */,
			);
			name = HKNTVTests;
			productName = HKNTVTests;
			productReference = 85634ADF1A05D5140090D457 /* HKNTVTests.xctest */;
			productType = "com.apple.product-type.bundle.unit-test";
		};
/* End PBXNativeTarget section */

/* Begin PBXProject section */
		85634ABB1A05D5130090D457 /* Project object */ = {
			isa = PBXProject;
			attributes = {
				LastUpgradeCheck = 0610;
				ORGANIZATIONNAME = ZhiYou;
				TargetAttributes = {
					85634AC21A05D5130090D457 = {
						CreatedOnToolsVersion = 6.1;
						DevelopmentTeam = G77G75RTWU;
					};
					85634ADE1A05D5140090D457 = {
						CreatedOnToolsVersion = 6.1;
						TestTargetID = 85634AC21A05D5130090D457;
					};
				};
			};
			buildConfigurationList = 85634ABE1A05D5130090D457 /* Build configuration list for PBXProject "HKNTV" */;
			compatibilityVersion = "Xcode 3.2";
			developmentRegion = English;
			hasScannedForEncodings = 0;
			knownRegions = (
				en,
				Base,
			);
			mainGroup = 85634ABA1A05D5130090D457;
			productRefGroup = 85634AC41A05D5130090D457 /* Products */;
			projectDirPath = "";
			projectRoot = "";
			targets = (
				85634AC21A05D5130090D457 /* HKNTV */,
				85634ADE1A05D5140090D457 /* HKNTVTests */,
			);
		};
/* End PBXProject section */

/* Begin PBXResourcesBuildPhase section */
		85634AC11A05D5130090D457 /* Resources */ = {
			isa = PBXResourcesBuildPhase;
			buildActionMask = 2147483647;
			files = (
				85634B311A05DA100090D457 /* 6.jpg in Resources */,
				85634B1D1A05DA100090D457 /* 18.jpg in Resources */,
				85634B191A05DA100090D457 /* 14.jpg in Resources */,
				85634B151A05DA100090D457 /* 10.jpg in Resources */,
				1D8F2D091A25DFCB00B0F8FE /* sunrising.jpg in Resources */,
				85634B181A05DA100090D457 /* 13.jpg in Resources */,
				85634AD51A05D5130090D457 /* Main.storyboard in Resources */,
				1D8F2D0B1A25F9C600B0F8FE /* redmark.png in Resources */,
				85634B211A05DA100090D457 /* 21.jpg in Resources */,
				85634B251A05DA100090D457 /* 25.jpg in Resources */,
				85634B171A05DA100090D457 /* 12.jpg in Resources */,
				85634B341A05DA100090D457 /* 9.jpg in Resources */,
				85634B1A1A05DA100090D457 /* 15.jpg in Resources */,
				85634B301A05DA100090D457 /* 5.jpg in Resources */,
				85634B201A05DA100090D457 /* 20.jpg in Resources */,
				85634B271A05DA100090D457 /* 27.jpg in Resources */,
				85634B141A05DA100090D457 /* 1.jpg in Resources */,
				85634B2B1A05DA100090D457 /* 30.jpg in Resources */,
				85634B231A05DA100090D457 /* 23.jpg in Resources */,
				85634B1B1A05DA100090D457 /* 16.jpg in Resources */,
				85634B2E1A05DA100090D457 /* 33.jpg in Resources */,
				1D845A601A2710E000E1EED3 /* bear.png in Resources */,
				85634B1E1A05DA100090D457 /* 19.jpg in Resources */,
				85634B291A05DA100090D457 /* 29.jpg in Resources */,
				85634B331A05DA100090D457 /* 8.jpg in Resources */,
				85634B2C1A05DA100090D457 /* 31.jpg in Resources */,
				85634B281A05DA100090D457 /* 28.jpg in Resources */,
				85634B2F1A05DA100090D457 /* 4.jpg in Resources */,
				85634B2A1A05DA100090D457 /* 3.jpg in Resources */,
				85634B161A05DA100090D457 /* 11.jpg in Resources */,
				85634B2D1A05DA100090D457 /* 32.jpg in Resources */,
				85634B1C1A05DA100090D457 /* 17.jpg in Resources */,
				85634B321A05DA100090D457 /* 7.jpg in Resources */,
				85634B241A05DA100090D457 /* 24.jpg in Resources */,
				85634B261A05DA100090D457 /* 26.jpg in Resources */,
				85634B1F1A05DA100090D457 /* 2.jpg in Resources */,
				1D8F2D081A25DFCB00B0F8FE /* product.jpg in Resources */,
				85634B221A05DA100090D457 /* 22.jpg in Resources */,
				85634ADA1A05D5130090D457 /* LaunchScreen.xib in Resources */,
				85634AD71A05D5130090D457 /* Images.xcassets in Resources */,
			);
			runOnlyForDeploymentPostprocessing = 0;
		};
		85634ADD1A05D5140090D457 /* Resources */ = {
			isa = PBXResourcesBuildPhase;
			buildActionMask = 2147483647;
			files = (
			);
			runOnlyForDeploymentPostprocessing = 0;
		};
/* End PBXResourcesBuildPhase section */

/* Begin PBXSourcesBuildPhase section */
		85634ABF1A05D5130090D457 /* Sources */ = {
			isa = PBXSourcesBuildPhase;
			buildActionMask = 2147483647;
			files = (
				85634AD21A05D5130090D457 /* VODViewController.m in Sources */,
				85634ACC1A05D5130090D457 /* AppDelegate.m in Sources */,
				851ED8A31A072345007DB60F /* MyAVPlayerViewController.m in Sources */,
				85634ACF1A05D5130090D457 /* LiveViewController.m in Sources */,
				85634AF11A05D7840090D457 /* LiveCollectionViewCell.m in Sources */,
				85634AC91A05D5130090D457 /* main.m in Sources */,
			);
			runOnlyForDeploymentPostprocessing = 0;
		};
		85634ADB1A05D5140090D457 /* Sources */ = {
			isa = PBXSourcesBuildPhase;
			buildActionMask = 2147483647;
			files = (
				85634AE61A05D5140090D457 /* HKNTVTests.m in Sources */,
			);
			runOnlyForDeploymentPostprocessing = 0;
		};
/* End PBXSourcesBuildPhase section */

/* Begin PBXTargetDependency section */
		85634AE11A05D5140090D457 /* PBXTargetDependency */ = {
			isa = PBXTargetDependency;
			target = 85634AC21A05D5130090D457 /* HKNTV */;
			targetProxy = 85634AE01A05D5140090D457 /* PBXContainerItemProxy */;
		};
/* End PBXTargetDependency section */

/* Begin PBXVariantGroup section */
		85634AD31A05D5130090D457 /* Main.storyboard */ = {
			isa = PBXVariantGroup;
			children = (
				85634AD41A05D5130090D457 /* Base */,
			);
			name = Main.storyboard;
			sourceTree = "<group>";
		};
		85634AD81A05D5130090D457 /* LaunchScreen.xib */ = {
			isa = PBXVariantGroup;
			children = (
				85634AD91A05D5130090D457 /* Base */,
			);
			name = LaunchScreen.xib;
			sourceTree = "<group>";
		};
/* End PBXVariantGroup section */

/* Begin XCBuildConfiguration section */
		85634AE71A05D5140090D457 /* Debug */ = {
			isa = XCBuildConfiguration;
			buildSettings = {
				ALWAYS_SEARCH_USER_PATHS = NO;
				CLANG_CXX_LANGUAGE_STANDARD = "gnu++0x";
				CLANG_CXX_LIBRARY = "libc++";
				CLANG_ENABLE_MODULES = YES;
				CLANG_ENABLE_OBJC_ARC = YES;
				CLANG_WARN_BOOL_CONVERSION = YES;
				CLANG_WARN_CONSTANT_CONVERSION = YES;
				CLANG_WARN_DIRECT_OBJC_ISA_USAGE = YES_ERROR;
				CLANG_WARN_EMPTY_BODY = YES;
				CLANG_WARN_ENUM_CONVERSION = YES;
				CLANG_WARN_INT_CONVERSION = YES;
				CLANG_WARN_OBJC_ROOT_CLASS = YES_ERROR;
				CLANG_WARN_UNREACHABLE_CODE = YES;
				CLANG_WARN__DUPLICATE_METHOD_MATCH = YES;
				"CODE_SIGN_IDENTITY[sdk=iphoneos*]" = "iPhone Developer";
				COPY_PHASE_STRIP = NO;
				ENABLE_STRICT_OBJC_MSGSEND = YES;
				GCC_C_LANGUAGE_STANDARD = gnu99;
				GCC_DYNAMIC_NO_PIC = NO;
				GCC_OPTIMIZATION_LEVEL = 0;
				GCC_PREPROCESSOR_DEFINITIONS = (
					"DEBUG=1",
					"$(inherited)",
				);
				GCC_SYMBOLS_PRIVATE_EXTERN = NO;
				GCC_WARN_64_TO_32_BIT_CONVERSION = YES;
				GCC_WARN_ABOUT_RETURN_TYPE = YES_ERROR;
				GCC_WARN_UNDECLARED_SELECTOR = YES;
				GCC_WARN_UNINITIALIZED_AUTOS = YES_AGGRESSIVE;
				GCC_WARN_UNUSED_FUNCTION = YES;
				GCC_WARN_UNUSED_VARIABLE = YES;
				IPHONEOS_DEPLOYMENT_TARGET = 8.1;
				MTL_ENABLE_DEBUG_INFO = YES;
				ONLY_ACTIVE_ARCH = YES;
				SDKROOT = iphoneos;
			};
			name = Debug;
		};
		85634AE81A05D5140090D457 /* Release */ = {
			isa = XCBuildConfiguration;
			buildSettings = {
				ALWAYS_SEARCH_USER_PATHS = NO;
				CLANG_CXX_LANGUAGE_STANDARD = "gnu++0x";
				CLANG_CXX_LIBRARY = "libc++";
				CLANG_ENABLE_MODULES = YES;
				CLANG_ENABLE_OBJC_ARC = YES;
				CLANG_WARN_BOOL_CONVERSION = YES;
				CLANG_WARN_CONSTANT_CONVERSION = YES;
				CLANG_WARN_DIRECT_OBJC_ISA_USAGE = YES_ERROR;
				CLANG_WARN_EMPTY_BODY = YES;
				CLANG_WARN_ENUM_CONVERSION = YES;
				CLANG_WARN_INT_CONVERSION = YES;
				CLANG_WARN_OBJC_ROOT_CLASS = YES_ERROR;
				CLANG_WARN_UNREACHABLE_CODE = YES;
				CLANG_WARN__DUPLICATE_METHOD_MATCH = YES;
				"CODE_SIGN_IDENTITY[sdk=iphoneos*]" = "iPhone Developer";
				COPY_PHASE_STRIP = YES;
				ENABLE_NS_ASSERTIONS = NO;
				ENABLE_STRICT_OBJC_MSGSEND = YES;
				GCC_C_LANGUAGE_STANDARD = gnu99;
				GCC_WARN_64_TO_32_BIT_CONVERSION = YES;
				GCC_WARN_ABOUT_RETURN_TYPE = YES_ERROR;
				GCC_WARN_UNDECLARED_SELECTOR = YES;
				GCC_WARN_UNINITIALIZED_AUTOS = YES_AGGRESSIVE;
				GCC_WARN_UNUSED_FUNCTION = YES;
				GCC_WARN_UNUSED_VARIABLE = YES;
				IPHONEOS_DEPLOYMENT_TARGET = 8.1;
				MTL_ENABLE_DEBUG_INFO = NO;
				SDKROOT = iphoneos;
				VALIDATE_PRODUCT = YES;
			};
			name = Release;
		};
		85634AEA1A05D5140090D457 /* Debug */ = {
			isa = XCBuildConfiguration;
			buildSettings = {
				ASSETCATALOG_COMPILER_APPICON_NAME = AppIcon;
				CODE_SIGN_IDENTITY = "iPhone Developer";
				"CODE_SIGN_IDENTITY[sdk=iphoneos*]" = "iPhone Developer";
				INFOPLIST_FILE = HKNTV/Info.plist;
				IPHONEOS_DEPLOYMENT_TARGET = 8.0;
				LD_RUNPATH_SEARCH_PATHS = "$(inherited) @executable_path/Frameworks";
				PRODUCT_NAME = "$(TARGET_NAME)";
				PROVISIONING_PROFILE = "";
			};
			name = Debug;
		};
		85634AEB1A05D5140090D457 /* Release */ = {
			isa = XCBuildConfiguration;
			buildSettings = {
				ASSETCATALOG_COMPILER_APPICON_NAME = AppIcon;
				CODE_SIGN_IDENTITY = "iPhone Developer";
				"CODE_SIGN_IDENTITY[sdk=iphoneos*]" = "iPhone Developer";
				INFOPLIST_FILE = HKNTV/Info.plist;
				IPHONEOS_DEPLOYMENT_TARGET = 8.0;
				LD_RUNPATH_SEARCH_PATHS = "$(inherited) @executable_path/Frameworks";
				PRODUCT_NAME = "$(TARGET_NAME)";
				PROVISIONING_PROFILE = "";
			};
			name = Release;
		};
		85634AED1A05D5140090D457 /* Debug */ = {
			isa = XCBuildConfiguration;
			buildSettings = {
				BUNDLE_LOADER = "$(TEST_HOST)";
				FRAMEWORK_SEARCH_PATHS = (
					"$(SDKROOT)/Developer/Library/Frameworks",
					"$(inherited)",
				);
				GCC_PREPROCESSOR_DEFINITIONS = (
					"DEBUG=1",
					"$(inherited)",
				);
				INFOPLIST_FILE = HKNTVTests/Info.plist;
				LD_RUNPATH_SEARCH_PATHS = "$(inherited) @executable_path/Frameworks @loader_path/Frameworks";
				PRODUCT_NAME = "$(TARGET_NAME)";
				TEST_HOST = "$(BUILT_PRODUCTS_DIR)/HKNTV.app/HKNTV";
			};
			name = Debug;
		};
		85634AEE1A05D5140090D457 /* Release */ = {
			isa = XCBuildConfiguration;
			buildSettings = {
				BUNDLE_LOADER = "$(TEST_HOST)";
				FRAMEWORK_SEARCH_PATHS = (
					"$(SDKROOT)/Developer/Library/Frameworks",
					"$(inherited)",
				);
				INFOPLIST_FILE = HKNTVTests/Info.plist;
				LD_RUNPATH_SEARCH_PATHS = "$(inherited) @executable_path/Frameworks @loader_path/Frameworks";
				PRODUCT_NAME = "$(TARGET_NAME)";
				TEST_HOST = "$(BUILT_PRODUCTS_DIR)/HKNTV.app/HKNTV";
			};
			name = Release;
		};
/* End XCBuildConfiguration section */

/* Begin XCConfigurationList section */
		85634ABE1A05D5130090D457 /* Build configuration list for PBXProject "HKNTV" */ = {
			isa = XCConfigurationList;
			buildConfigurations = (
				85634AE71A05D5140090D457 /* Debug */,
				85634AE81A05D5140090D457 /* Release */,
			);
			defaultConfigurationIsVisible = 0;
			defaultConfigurationName = Release;
		};
		85634AE91A05D5140090D457 /* Build configuration list for PBXNativeTarget "HKNTV" */ = {
			isa = XCConfigurationList;
			buildConfigurations = (
				85634AEA1A05D5140090D457 /* Debug */,
				85634AEB1A05D5140090D457 /* Release */,
			);
			defaultConfigurationIsVisible = 0;
			defaultConfigurationName = Release;
		};
		85634AEC1A05D5140090D457 /* Build configuration list for PBXNativeTarget "HKNTVTests" */ = {
			isa = XCConfigurationList;
			buildConfigurations = (
				85634AED1A05D5140090D457 /* Debug */,
				85634AEE1A05D5140090D457 /* Release */,
			);
			defaultConfigurationIsVisible = 0;
			defaultConfigurationName = Release;
		};
/* End XCConfigurationList section */
	};
	rootObject = 85634ABB1A05D5130090D457 /* Project object */;
}
